// !$*UTF8*$!
{
	archiveVersion = 1;
	classes = {
	};
	objectVersion = 50;
	objects = {

/* Begin PBXBuildFile section */
		4514D1E121BFAD8A0076290D /* FDControl.framework in Frameworks */ = {isa = PBXBuildFile; fileRef = 4514D1D721BFAD8A0076290D /* FDControl.framework */; };
		4514D1E621BFAD8A0076290D /* FDControlTests.m in Sources */ = {isa = PBXBuildFile; fileRef = 4514D1E521BFAD8A0076290D /* FDControlTests.m */; };
		4514D1E821BFAD8A0076290D /* FDControl.h in Headers */ = {isa = PBXBuildFile; fileRef = 4514D1DA21BFAD8A0076290D /* FDControl.h */; settings = {ATTRIBUTES = (Public, ); }; };
		4514D23721BFB4420076290D /* UIView+FDLayout.h in Headers */ = {isa = PBXBuildFile; fileRef = 4514D23521BFB4420076290D /* UIView+FDLayout.h */; settings = {ATTRIBUTES = (Public, ); }; };
		4514D23821BFB4420076290D /* UIView+FDLayout.m in Sources */ = {isa = PBXBuildFile; fileRef = 4514D23621BFB4420076290D /* UIView+FDLayout.m */; };
		4514D24421BFC05E0076290D /* NSString+FDOperator.h in Headers */ = {isa = PBXBuildFile; fileRef = 4514D24221BFC05E0076290D /* NSString+FDOperator.h */; settings = {ATTRIBUTES = (Public, ); }; };
		4514D24521BFC05E0076290D /* NSString+FDOperator.m in Sources */ = {isa = PBXBuildFile; fileRef = 4514D24321BFC05E0076290D /* NSString+FDOperator.m */; };
		4514D24821BFC56C0076290D /* UIColor+FDColor.h in Headers */ = {isa = PBXBuildFile; fileRef = 4514D24621BFC56C0076290D /* UIColor+FDColor.h */; settings = {ATTRIBUTES = (Public, ); }; };
		4514D24921BFC56C0076290D /* UIColor+FDColor.m in Sources */ = {isa = PBXBuildFile; fileRef = 4514D24721BFC56C0076290D /* UIColor+FDColor.m */; };
		452EA775228045EC004BB575 /* UIControl+FDTargetAction.h in Headers */ = {isa = PBXBuildFile; fileRef = 452EA773228045EC004BB575 /* UIControl+FDTargetAction.h */; settings = {ATTRIBUTES = (Public, ); }; };
		452EA776228045EC004BB575 /* UIControl+FDTargetAction.m in Sources */ = {isa = PBXBuildFile; fileRef = 452EA774228045EC004BB575 /* UIControl+FDTargetAction.m */; };
		452EA77922812CFB004BB575 /* UIButton+FDConvenientMethod.h in Headers */ = {isa = PBXBuildFile; fileRef = 452EA77722812CFB004BB575 /* UIButton+FDConvenientMethod.h */; settings = {ATTRIBUTES = (Public, ); }; };
		452EA77A22812CFB004BB575 /* UIButton+FDConvenientMethod.m in Sources */ = {isa = PBXBuildFile; fileRef = 452EA77822812CFB004BB575 /* UIButton+FDConvenientMethod.m */; };
		452EA77D22817534004BB575 /* UIButton+FDLoadingIndicator.h in Headers */ = {isa = PBXBuildFile; fileRef = 452EA77B22817534004BB575 /* UIButton+FDLoadingIndicator.h */; settings = {ATTRIBUTES = (Public, ); }; };
		452EA77E22817534004BB575 /* UIButton+FDLoadingIndicator.m in Sources */ = {isa = PBXBuildFile; fileRef = 452EA77C22817534004BB575 /* UIButton+FDLoadingIndicator.m */; };
		452EA79222819ACC004BB575 /* FDVerticalButton.m in Sources */ = {isa = PBXBuildFile; fileRef = 452EA79022819ACC004BB575 /* FDVerticalButton.m */; };
		452EA79322819ACC004BB575 /* FDVerticalButton.h in Headers */ = {isa = PBXBuildFile; fileRef = 452EA79122819ACC004BB575 /* FDVerticalButton.h */; };
		452EA7972282AD8A004BB575 /* FDUserGuideView.h in Headers */ = {isa = PBXBuildFile; fileRef = 452EA7952282AD8A004BB575 /* FDUserGuideView.h */; settings = {ATTRIBUTES = (Public, ); }; };
		452EA7982282AD8A004BB575 /* FDUserGuideView.m in Sources */ = {isa = PBXBuildFile; fileRef = 452EA7962282AD8A004BB575 /* FDUserGuideView.m */; };
		453A6F33224CB806006CC30A /* FDActivityIndicatorAnimationBallGridPulse.h in Headers */ = {isa = PBXBuildFile; fileRef = 453A6F31224CB806006CC30A /* FDActivityIndicatorAnimationBallGridPulse.h */; };
		453A6F34224CB806006CC30A /* FDActivityIndicatorAnimationBallGridPulse.m in Sources */ = {isa = PBXBuildFile; fileRef = 453A6F32224CB806006CC30A /* FDActivityIndicatorAnimationBallGridPulse.m */; };
		453A6F3D2254B96B006CC30A /* FDAnimationView.h in Headers */ = {isa = PBXBuildFile; fileRef = 453A6F3B2254B96B006CC30A /* FDAnimationView.h */; settings = {ATTRIBUTES = (Public, ); }; };
		453A6F3E2254B96B006CC30A /* FDAnimationView.m in Sources */ = {isa = PBXBuildFile; fileRef = 453A6F3C2254B96B006CC30A /* FDAnimationView.m */; };
		453A6F422254C552006CC30A /* CAShapeLayer+FDShapeHelper.h in Headers */ = {isa = PBXBuildFile; fileRef = 453A6F402254C552006CC30A /* CAShapeLayer+FDShapeHelper.h */; settings = {ATTRIBUTES = (Public, ); }; };
		453A6F432254C552006CC30A /* CAShapeLayer+FDShapeHelper.m in Sources */ = {isa = PBXBuildFile; fileRef = 453A6F412254C552006CC30A /* CAShapeLayer+FDShapeHelper.m */; };
		453A6F462255A490006CC30A /* FDActivityIndicatorAnimationBallClipRotate.h in Headers */ = {isa = PBXBuildFile; fileRef = 453A6F442255A490006CC30A /* FDActivityIndicatorAnimationBallClipRotate.h */; };
		453A6F472255A490006CC30A /* FDActivityIndicatorAnimationBallClipRotate.m in Sources */ = {isa = PBXBuildFile; fileRef = 453A6F452255A490006CC30A /* FDActivityIndicatorAnimationBallClipRotate.m */; };
		453A6F4A2255FCDE006CC30A /* FDActivityIndicatorAnimationSquareSpin.h in Headers */ = {isa = PBXBuildFile; fileRef = 453A6F482255FCDE006CC30A /* FDActivityIndicatorAnimationSquareSpin.h */; };
		453A6F4B2255FCDE006CC30A /* FDActivityIndicatorAnimationSquareSpin.m in Sources */ = {isa = PBXBuildFile; fileRef = 453A6F492255FCDE006CC30A /* FDActivityIndicatorAnimationSquareSpin.m */; };
		453A6F4E225B3B9C006CC30A /* FDActivityIndicatorAnimationTriangleSkewSpin.h in Headers */ = {isa = PBXBuildFile; fileRef = 453A6F4C225B3B9C006CC30A /* FDActivityIndicatorAnimationTriangleSkewSpin.h */; };
		453A6F4F225B3B9C006CC30A /* FDActivityIndicatorAnimationTriangleSkewSpin.m in Sources */ = {isa = PBXBuildFile; fileRef = 453A6F4D225B3B9C006CC30A /* FDActivityIndicatorAnimationTriangleSkewSpin.m */; };
		453A6F53225C49B9006CC30A /* FDWebJsViewController.h in Headers */ = {isa = PBXBuildFile; fileRef = 453A6F51225C49B9006CC30A /* FDWebJsViewController.h */; settings = {ATTRIBUTES = (Public, ); }; };
		453A6F54225C49B9006CC30A /* FDWebJsViewController.m in Sources */ = {isa = PBXBuildFile; fileRef = 453A6F52225C49B9006CC30A /* FDWebJsViewController.m */; };
		453A6F5E225C9DC4006CC30A /* FDNativeInterface.h in Headers */ = {isa = PBXBuildFile; fileRef = 453A6F5D225C9DC4006CC30A /* FDNativeInterface.h */; settings = {ATTRIBUTES = (Public, ); }; };
		453A6F64225CAF1C006CC30A /* NSObject+FDPropertyMethod.h in Headers */ = {isa = PBXBuildFile; fileRef = 453A6F62225CAF1C006CC30A /* NSObject+FDPropertyMethod.h */; settings = {ATTRIBUTES = (Public, ); }; };
		453A6F65225CAF1C006CC30A /* NSObject+FDPropertyMethod.m in Sources */ = {isa = PBXBuildFile; fileRef = 453A6F63225CAF1C006CC30A /* NSObject+FDPropertyMethod.m */; };
		45820E3621EF358C0052F033 /* FDPopMenu.h in Headers */ = {isa = PBXBuildFile; fileRef = 45820E3421EF358C0052F033 /* FDPopMenu.h */; };
		45820E3721EF358C0052F033 /* FDPopMenu.m in Sources */ = {isa = PBXBuildFile; fileRef = 45820E3521EF358C0052F033 /* FDPopMenu.m */; };
		45820E3A21EF39CB0052F033 /* FDPopMenuItem.h in Headers */ = {isa = PBXBuildFile; fileRef = 45820E3821EF39CB0052F033 /* FDPopMenuItem.h */; };
		45820E3B21EF39CB0052F033 /* FDPopMenuItem.m in Sources */ = {isa = PBXBuildFile; fileRef = 45820E3921EF39CB0052F033 /* FDPopMenuItem.m */; };
		4587C99721DDE71E005AE3AB /* UIImage+FDGradient.h in Headers */ = {isa = PBXBuildFile; fileRef = 4587C99521DDE71E005AE3AB /* UIImage+FDGradient.h */; settings = {ATTRIBUTES = (Public, ); }; };
		4587C99821DDE71E005AE3AB /* UIImage+FDGradient.m in Sources */ = {isa = PBXBuildFile; fileRef = 4587C99621DDE71E005AE3AB /* UIImage+FDGradient.m */; };
		45894CED21E4AA5600E5E9A9 /* FDActivityIndicatorAnimationBallPulse.h in Headers */ = {isa = PBXBuildFile; fileRef = 45894CEB21E4AA5600E5E9A9 /* FDActivityIndicatorAnimationBallPulse.h */; };
		45894CEE21E4AA5600E5E9A9 /* FDActivityIndicatorAnimationBallPulse.m in Sources */ = {isa = PBXBuildFile; fileRef = 45894CEC21E4AA5600E5E9A9 /* FDActivityIndicatorAnimationBallPulse.m */; };
		45894CFA21E5C43800E5E9A9 /* FDActivityIndicatorView.h in Headers */ = {isa = PBXBuildFile; fileRef = 45894CF821E5C43800E5E9A9 /* FDActivityIndicatorView.h */; settings = {ATTRIBUTES = (Public, ); }; };
		45894CFB21E5C43800E5E9A9 /* FDActivityIndicatorView.m in Sources */ = {isa = PBXBuildFile; fileRef = 45894CF921E5C43800E5E9A9 /* FDActivityIndicatorView.m */; };
		45894CFE21E5E12E00E5E9A9 /* FDActivityIndicatorAnimationBallScale.h in Headers */ = {isa = PBXBuildFile; fileRef = 45894CFC21E5E12E00E5E9A9 /* FDActivityIndicatorAnimationBallScale.h */; };
		45894CFF21E5E12E00E5E9A9 /* FDActivityIndicatorAnimationBallScale.m in Sources */ = {isa = PBXBuildFile; fileRef = 45894CFD21E5E12E00E5E9A9 /* FDActivityIndicatorAnimationBallScale.m */; };
		45936ABE2241E13D0073C9E2 /* UIImageView+FDWebImageView.h in Headers */ = {isa = PBXBuildFile; fileRef = 45936AB62241E13C0073C9E2 /* UIImageView+FDWebImageView.h */; settings = {ATTRIBUTES = (Public, ); }; };
		45936ABF2241E13D0073C9E2 /* FDWebImageDownloaderOperation.h in Headers */ = {isa = PBXBuildFile; fileRef = 45936AB72241E13C0073C9E2 /* FDWebImageDownloaderOperation.h */; };
		45936AC02241E13D0073C9E2 /* FDWebImageDownloader.m in Sources */ = {isa = PBXBuildFile; fileRef = 45936AB82241E13C0073C9E2 /* FDWebImageDownloader.m */; };
		45936AC12241E13D0073C9E2 /* FDWebImageManager.h in Headers */ = {isa = PBXBuildFile; fileRef = 45936AB92241E13C0073C9E2 /* FDWebImageManager.h */; };
		45936AC22241E13D0073C9E2 /* FDWebImageManager.m in Sources */ = {isa = PBXBuildFile; fileRef = 45936ABA2241E13C0073C9E2 /* FDWebImageManager.m */; };
		45936AC32241E13D0073C9E2 /* UIImageView+FDWebImageView.m in Sources */ = {isa = PBXBuildFile; fileRef = 45936ABB2241E13C0073C9E2 /* UIImageView+FDWebImageView.m */; };
		45936AC42241E13D0073C9E2 /* FDWebImageDownloaderOperation.m in Sources */ = {isa = PBXBuildFile; fileRef = 45936ABC2241E13C0073C9E2 /* FDWebImageDownloaderOperation.m */; };
		45936AC52241E13D0073C9E2 /* FDWebImageDownloader.h in Headers */ = {isa = PBXBuildFile; fileRef = 45936ABD2241E13D0073C9E2 /* FDWebImageDownloader.h */; };
		45936AD5224361350073C9E2 /* NSString+FDMD5.h in Headers */ = {isa = PBXBuildFile; fileRef = 45936AD3224361350073C9E2 /* NSString+FDMD5.h */; settings = {ATTRIBUTES = (Public, ); }; };
		45936AD6224361350073C9E2 /* NSString+FDMD5.m in Sources */ = {isa = PBXBuildFile; fileRef = 45936AD4224361350073C9E2 /* NSString+FDMD5.m */; };
		45936ADA224367660073C9E2 /* FDDiskCache.h in Headers */ = {isa = PBXBuildFile; fileRef = 45936AD8224367660073C9E2 /* FDDiskCache.h */; settings = {ATTRIBUTES = (Public, ); }; };
		45936ADB224367660073C9E2 /* FDDiskCache.m in Sources */ = {isa = PBXBuildFile; fileRef = 45936AD9224367660073C9E2 /* FDDiskCache.m */; };
		45936ADE2243A0A20073C9E2 /* NSString+FDFileDirectory.h in Headers */ = {isa = PBXBuildFile; fileRef = 45936ADC2243A0A20073C9E2 /* NSString+FDFileDirectory.h */; settings = {ATTRIBUTES = (Public, ); }; };
		45936ADF2243A0A20073C9E2 /* NSString+FDFileDirectory.m in Sources */ = {isa = PBXBuildFile; fileRef = 45936ADD2243A0A20073C9E2 /* NSString+FDFileDirectory.m */; };
		45936AE4224A1B670073C9E2 /* FDMemoryCache.h in Headers */ = {isa = PBXBuildFile; fileRef = 45936AE2224A1B670073C9E2 /* FDMemoryCache.h */; settings = {ATTRIBUTES = (Public, ); }; };
		45936AE5224A1B670073C9E2 /* FDMemoryCache.m in Sources */ = {isa = PBXBuildFile; fileRef = 45936AE3224A1B670073C9E2 /* FDMemoryCache.m */; };
		45A2043D225DF8CC00C068AE /* WKWebViewJavascriptBridge.h in Headers */ = {isa = PBXBuildFile; fileRef = 45A20435225DF8CC00C068AE /* WKWebViewJavascriptBridge.h */; };
		45A2043E225DF8CC00C068AE /* WebViewJavascriptBridge.h in Headers */ = {isa = PBXBuildFile; fileRef = 45A20436225DF8CC00C068AE /* WebViewJavascriptBridge.h */; };
		45A2043F225DF8CC00C068AE /* WebViewJavascriptBridge.m in Sources */ = {isa = PBXBuildFile; fileRef = 45A20437225DF8CC00C068AE /* WebViewJavascriptBridge.m */; };
		45A20440225DF8CC00C068AE /* WebViewJavascriptBridge_JS.m in Sources */ = {isa = PBXBuildFile; fileRef = 45A20438225DF8CC00C068AE /* WebViewJavascriptBridge_JS.m */; };
		45A20441225DF8CC00C068AE /* WebViewJavascriptBridgeBase.m in Sources */ = {isa = PBXBuildFile; fileRef = 45A20439225DF8CC00C068AE /* WebViewJavascriptBridgeBase.m */; };
		45A20442225DF8CC00C068AE /* WebViewJavascriptBridge_JS.h in Headers */ = {isa = PBXBuildFile; fileRef = 45A2043A225DF8CC00C068AE /* WebViewJavascriptBridge_JS.h */; };
		45A20443225DF8CC00C068AE /* WebViewJavascriptBridgeBase.h in Headers */ = {isa = PBXBuildFile; fileRef = 45A2043B225DF8CC00C068AE /* WebViewJavascriptBridgeBase.h */; };
		45A20444225DF8CC00C068AE /* WKWebViewJavascriptBridge.m in Sources */ = {isa = PBXBuildFile; fileRef = 45A2043C225DF8CC00C068AE /* WKWebViewJavascriptBridge.m */; };
		45A20448225E03CD00C068AE /* NSDictionary+FDJSONSerialization.h in Headers */ = {isa = PBXBuildFile; fileRef = 45A20446225E03CD00C068AE /* NSDictionary+FDJSONSerialization.h */; settings = {ATTRIBUTES = (Public, ); }; };
		45A20449225E03CD00C068AE /* NSDictionary+FDJSONSerialization.m in Sources */ = {isa = PBXBuildFile; fileRef = 45A20447225E03CD00C068AE /* NSDictionary+FDJSONSerialization.m */; };
		45A2044C225F194F00C068AE /* FDWebProgressView.h in Headers */ = {isa = PBXBuildFile; fileRef = 45A2044A225F194E00C068AE /* FDWebProgressView.h */; };
		45A2044D225F194F00C068AE /* FDWebProgressView.m in Sources */ = {isa = PBXBuildFile; fileRef = 45A2044B225F194E00C068AE /* FDWebProgressView.m */; };
		45A20450225F22B800C068AE /* FDWebViewJavascriptBridge.h in Headers */ = {isa = PBXBuildFile; fileRef = 45A2044E225F22B800C068AE /* FDWebViewJavascriptBridge.h */; };
		45A20451225F22B800C068AE /* FDWebViewJavascriptBridge.m in Sources */ = {isa = PBXBuildFile; fileRef = 45A2044F225F22B800C068AE /* FDWebViewJavascriptBridge.m */; };
		45A2045A2260710700C068AE /* FDPermissionMng.h in Headers */ = {isa = PBXBuildFile; fileRef = 45A204582260710700C068AE /* FDPermissionMng.h */; };
		45A2045B2260710700C068AE /* FDPermissionMng.m in Sources */ = {isa = PBXBuildFile; fileRef = 45A204592260710700C068AE /* FDPermissionMng.m */; };
		45A2045E2260980D00C068AE /* UIColor+FDPalettes.h in Headers */ = {isa = PBXBuildFile; fileRef = 45A2045C2260980D00C068AE /* UIColor+FDPalettes.h */; };
		45A2045F2260980D00C068AE /* UIColor+FDPalettes.m in Sources */ = {isa = PBXBuildFile; fileRef = 45A2045D2260980D00C068AE /* UIColor+FDPalettes.m */; };
		45A204622260A4BF00C068AE /* UIColor+FDGradientColor.h in Headers */ = {isa = PBXBuildFile; fileRef = 45A204602260A4BF00C068AE /* UIColor+FDGradientColor.h */; };
		45A204632260A4BF00C068AE /* UIColor+FDGradientColor.m in Sources */ = {isa = PBXBuildFile; fileRef = 45A204612260A4BF00C068AE /* UIColor+FDGradientColor.m */; };
		45A204672264705800C068AE /* FDRouterRegParam.h in Headers */ = {isa = PBXBuildFile; fileRef = 45A204652264705800C068AE /* FDRouterRegParam.h */; settings = {ATTRIBUTES = (Public, ); }; };
		45A204682264705800C068AE /* FDRouterRegParam.m in Sources */ = {isa = PBXBuildFile; fileRef = 45A204662264705800C068AE /* FDRouterRegParam.m */; };
		45A2046B226470F500C068AE /* FDRouter.h in Headers */ = {isa = PBXBuildFile; fileRef = 45A20469226470F500C068AE /* FDRouter.h */; };
		45A2046C226470F500C068AE /* FDRouter.m in Sources */ = {isa = PBXBuildFile; fileRef = 45A2046A226470F500C068AE /* FDRouter.m */; };
		45A2047A2265794E00C068AE /* UINavigationController+FDRouter.h in Headers */ = {isa = PBXBuildFile; fileRef = 45A204782265794E00C068AE /* UINavigationController+FDRouter.h */; settings = {ATTRIBUTES = (Public, ); }; };
		45A2047B2265794E00C068AE /* UINavigationController+FDRouter.m in Sources */ = {isa = PBXBuildFile; fileRef = 45A204792265794E00C068AE /* UINavigationController+FDRouter.m */; };
		45A2047F2265BE8900C068AE /* NSBundle+FDMainBundle.h in Headers */ = {isa = PBXBuildFile; fileRef = 45A2047D2265BE8900C068AE /* NSBundle+FDMainBundle.h */; settings = {ATTRIBUTES = (Public, ); }; };
		45A204802265BE8900C068AE /* NSBundle+FDMainBundle.m in Sources */ = {isa = PBXBuildFile; fileRef = 45A2047E2265BE8900C068AE /* NSBundle+FDMainBundle.m */; };
		45A204842266F0C200C068AE /* NSString+FDURL.h in Headers */ = {isa = PBXBuildFile; fileRef = 45A204822266F0C200C068AE /* NSString+FDURL.h */; settings = {ATTRIBUTES = (Public, ); }; };
		45A204852266F0C200C068AE /* NSString+FDURL.m in Sources */ = {isa = PBXBuildFile; fileRef = 45A204832266F0C200C068AE /* NSString+FDURL.m */; };
		45A2048822671B0800C068AE /* UIViewController+FDRouter.h in Headers */ = {isa = PBXBuildFile; fileRef = 45A2048622671B0800C068AE /* UIViewController+FDRouter.h */; settings = {ATTRIBUTES = (Public, ); }; };
		45A2048922671B0800C068AE /* UIViewController+FDRouter.m in Sources */ = {isa = PBXBuildFile; fileRef = 45A2048722671B0800C068AE /* UIViewController+FDRouter.m */; };
		45A2048D2269A23B00C068AE /* UIButton+FDImageTitleVerticalLayout.h in Headers */ = {isa = PBXBuildFile; fileRef = 45A2048B2269A23B00C068AE /* UIButton+FDImageTitleVerticalLayout.h */; settings = {ATTRIBUTES = (Public, ); }; };
		45A2048E2269A23B00C068AE /* UIButton+FDImageTitleVerticalLayout.m in Sources */ = {isa = PBXBuildFile; fileRef = 45A2048C2269A23B00C068AE /* UIButton+FDImageTitleVerticalLayout.m */; };
		45A2049E2269B84F00C068AE /* NSData+FDDictionary.h in Headers */ = {isa = PBXBuildFile; fileRef = 45A2049C2269B84F00C068AE /* NSData+FDDictionary.h */; };
		45A2049F2269B84F00C068AE /* NSData+FDDictionary.m in Sources */ = {isa = PBXBuildFile; fileRef = 45A2049D2269B84F00C068AE /* NSData+FDDictionary.m */; };
		45A204A722730F8000C068AE /* FDAudioFrequencySpectrum.h in Headers */ = {isa = PBXBuildFile; fileRef = 45A204A522730F8000C068AE /* FDAudioFrequencySpectrum.h */; };
		45A204A822730F8000C068AE /* FDAudioFrequencySpectrum.m in Sources */ = {isa = PBXBuildFile; fileRef = 45A204A622730F8000C068AE /* FDAudioFrequencySpectrum.m */; };
		45A204AB2273129800C068AE /* FDFrequencySpectrumIndicator.h in Headers */ = {isa = PBXBuildFile; fileRef = 45A204A92273129800C068AE /* FDFrequencySpectrumIndicator.h */; settings = {ATTRIBUTES = (Public, ); }; };
		45A204AC2273129800C068AE /* FDFrequencySpectrumIndicator.m in Sources */ = {isa = PBXBuildFile; fileRef = 45A204AA2273129800C068AE /* FDFrequencySpectrumIndicator.m */; };
		45A204B42276E57800C068AE /* FDRect180UpDownAni.h in Headers */ = {isa = PBXBuildFile; fileRef = 45A204B22276E57800C068AE /* FDRect180UpDownAni.h */; };
		45A204B52276E57800C068AE /* FDRect180UpDownAni.m in Sources */ = {isa = PBXBuildFile; fileRef = 45A204B32276E57800C068AE /* FDRect180UpDownAni.m */; };
		45A204B82277070300C068AE /* FDRect360UpDownAni.h in Headers */ = {isa = PBXBuildFile; fileRef = 45A204B62277070300C068AE /* FDRect360UpDownAni.h */; };
		45A204B92277070300C068AE /* FDRect360UpDownAni.m in Sources */ = {isa = PBXBuildFile; fileRef = 45A204B72277070300C068AE /* FDRect360UpDownAni.m */; };
		6D050CCD225C349F00B4FAF1 /* UIImageView+FDImageCoder.m in Sources */ = {isa = PBXBuildFile; fileRef = 6D050CCB225C349F00B4FAF1 /* UIImageView+FDImageCoder.m */; };
		6D050CCE225C349F00B4FAF1 /* UIImageView+FDImageCoder.h in Headers */ = {isa = PBXBuildFile; fileRef = 6D050CCC225C349F00B4FAF1 /* UIImageView+FDImageCoder.h */; settings = {ATTRIBUTES = (Public, ); }; };
		6D3B4B4421F842360073662D /* UIImage+FDColor.h in Headers */ = {isa = PBXBuildFile; fileRef = 6D3B4B4221F842360073662D /* UIImage+FDColor.h */; settings = {ATTRIBUTES = (Public, ); }; };
		6D3B4B4521F842360073662D /* UIImage+FDColor.m in Sources */ = {isa = PBXBuildFile; fileRef = 6D3B4B4321F842360073662D /* UIImage+FDColor.m */; };
/* End PBXBuildFile section */

/* Begin PBXContainerItemProxy section */
		4514D1E221BFAD8A0076290D /* PBXContainerItemProxy */ = {
			isa = PBXContainerItemProxy;
			containerPortal = 4514D1CE21BFAD8A0076290D /* Project object */;
			proxyType = 1;
			remoteGlobalIDString = 4514D1D621BFAD8A0076290D;
			remoteInfo = FDControl;
		};
/* End PBXContainerItemProxy section */

/* Begin PBXFileReference section */
		4514D1D721BFAD8A0076290D /* FDControl.framework */ = {isa = PBXFileReference; explicitFileType = wrapper.framework; includeInIndex = 0; path = FDControl.framework; sourceTree = BUILT_PRODUCTS_DIR; };
		4514D1DA21BFAD8A0076290D /* FDControl.h */ = {isa = PBXFileReference; lastKnownFileType = sourcecode.c.h; path = FDControl.h; sourceTree = "<group>"; };
		4514D1DB21BFAD8A0076290D /* Info.plist */ = {isa = PBXFileReference; lastKnownFileType = text.plist.xml; path = Info.plist; sourceTree = "<group>"; };
		4514D1E021BFAD8A0076290D /* FDControlTests.xctest */ = {isa = PBXFileReference; explicitFileType = wrapper.cfbundle; includeInIndex = 0; path = FDControlTests.xctest; sourceTree = BUILT_PRODUCTS_DIR; };
		4514D1E521BFAD8A0076290D /* FDControlTests.m */ = {isa = PBXFileReference; lastKnownFileType = sourcecode.c.objc; path = FDControlTests.m; sourceTree = "<group>"; };
		4514D1E721BFAD8A0076290D /* Info.plist */ = {isa = PBXFileReference; lastKnownFileType = text.plist.xml; path = Info.plist; sourceTree = "<group>"; };
		4514D23521BFB4420076290D /* UIView+FDLayout.h */ = {isa = PBXFileReference; lastKnownFileType = sourcecode.c.h; path = "UIView+FDLayout.h"; sourceTree = "<group>"; };
		4514D23621BFB4420076290D /* UIView+FDLayout.m */ = {isa = PBXFileReference; lastKnownFileType = sourcecode.c.objc; path = "UIView+FDLayout.m"; sourceTree = "<group>"; };
		4514D24221BFC05E0076290D /* NSString+FDOperator.h */ = {isa = PBXFileReference; lastKnownFileType = sourcecode.c.h; path = "NSString+FDOperator.h"; sourceTree = "<group>"; };
		4514D24321BFC05E0076290D /* NSString+FDOperator.m */ = {isa = PBXFileReference; lastKnownFileType = sourcecode.c.objc; path = "NSString+FDOperator.m"; sourceTree = "<group>"; };
		4514D24621BFC56C0076290D /* UIColor+FDColor.h */ = {isa = PBXFileReference; lastKnownFileType = sourcecode.c.h; path = "UIColor+FDColor.h"; sourceTree = "<group>"; };
		4514D24721BFC56C0076290D /* UIColor+FDColor.m */ = {isa = PBXFileReference; lastKnownFileType = sourcecode.c.objc; path = "UIColor+FDColor.m"; sourceTree = "<group>"; };
		452EA773228045EC004BB575 /* UIControl+FDTargetAction.h */ = {isa = PBXFileReference; lastKnownFileType = sourcecode.c.h; path = "UIControl+FDTargetAction.h"; sourceTree = "<group>"; };
		452EA774228045EC004BB575 /* UIControl+FDTargetAction.m */ = {isa = PBXFileReference; lastKnownFileType = sourcecode.c.objc; path = "UIControl+FDTargetAction.m"; sourceTree = "<group>"; };
		452EA77722812CFB004BB575 /* UIButton+FDConvenientMethod.h */ = {isa = PBXFileReference; lastKnownFileType = sourcecode.c.h; path = "UIButton+FDConvenientMethod.h"; sourceTree = "<group>"; };
		452EA77822812CFB004BB575 /* UIButton+FDConvenientMethod.m */ = {isa = PBXFileReference; lastKnownFileType = sourcecode.c.objc; path = "UIButton+FDConvenientMethod.m"; sourceTree = "<group>"; };
		452EA77B22817534004BB575 /* UIButton+FDLoadingIndicator.h */ = {isa = PBXFileReference; lastKnownFileType = sourcecode.c.h; path = "UIButton+FDLoadingIndicator.h"; sourceTree = "<group>"; };
		452EA77C22817534004BB575 /* UIButton+FDLoadingIndicator.m */ = {isa = PBXFileReference; lastKnownFileType = sourcecode.c.objc; path = "UIButton+FDLoadingIndicator.m"; sourceTree = "<group>"; };
		452EA79022819ACC004BB575 /* FDVerticalButton.m */ = {isa = PBXFileReference; fileEncoding = 4; lastKnownFileType = sourcecode.c.objc; path = FDVerticalButton.m; sourceTree = "<group>"; };
		452EA79122819ACC004BB575 /* FDVerticalButton.h */ = {isa = PBXFileReference; fileEncoding = 4; lastKnownFileType = sourcecode.c.h; path = FDVerticalButton.h; sourceTree = "<group>"; };
		452EA7952282AD8A004BB575 /* FDUserGuideView.h */ = {isa = PBXFileReference; lastKnownFileType = sourcecode.c.h; path = FDUserGuideView.h; sourceTree = "<group>"; };
		452EA7962282AD8A004BB575 /* FDUserGuideView.m */ = {isa = PBXFileReference; lastKnownFileType = sourcecode.c.objc; path = FDUserGuideView.m; sourceTree = "<group>"; };
		453A6F31224CB806006CC30A /* FDActivityIndicatorAnimationBallGridPulse.h */ = {isa = PBXFileReference; lastKnownFileType = sourcecode.c.h; path = FDActivityIndicatorAnimationBallGridPulse.h; sourceTree = "<group>"; };
		453A6F32224CB806006CC30A /* FDActivityIndicatorAnimationBallGridPulse.m */ = {isa = PBXFileReference; lastKnownFileType = sourcecode.c.objc; path = FDActivityIndicatorAnimationBallGridPulse.m; sourceTree = "<group>"; };
		453A6F3B2254B96B006CC30A /* FDAnimationView.h */ = {isa = PBXFileReference; lastKnownFileType = sourcecode.c.h; path = FDAnimationView.h; sourceTree = "<group>"; };
		453A6F3C2254B96B006CC30A /* FDAnimationView.m */ = {isa = PBXFileReference; lastKnownFileType = sourcecode.c.objc; path = FDAnimationView.m; sourceTree = "<group>"; };
		453A6F402254C552006CC30A /* CAShapeLayer+FDShapeHelper.h */ = {isa = PBXFileReference; lastKnownFileType = sourcecode.c.h; path = "CAShapeLayer+FDShapeHelper.h"; sourceTree = "<group>"; };
		453A6F412254C552006CC30A /* CAShapeLayer+FDShapeHelper.m */ = {isa = PBXFileReference; lastKnownFileType = sourcecode.c.objc; path = "CAShapeLayer+FDShapeHelper.m"; sourceTree = "<group>"; };
		453A6F442255A490006CC30A /* FDActivityIndicatorAnimationBallClipRotate.h */ = {isa = PBXFileReference; lastKnownFileType = sourcecode.c.h; path = FDActivityIndicatorAnimationBallClipRotate.h; sourceTree = "<group>"; };
		453A6F452255A490006CC30A /* FDActivityIndicatorAnimationBallClipRotate.m */ = {isa = PBXFileReference; lastKnownFileType = sourcecode.c.objc; path = FDActivityIndicatorAnimationBallClipRotate.m; sourceTree = "<group>"; };
		453A6F482255FCDE006CC30A /* FDActivityIndicatorAnimationSquareSpin.h */ = {isa = PBXFileReference; lastKnownFileType = sourcecode.c.h; path = FDActivityIndicatorAnimationSquareSpin.h; sourceTree = "<group>"; };
		453A6F492255FCDE006CC30A /* FDActivityIndicatorAnimationSquareSpin.m */ = {isa = PBXFileReference; lastKnownFileType = sourcecode.c.objc; path = FDActivityIndicatorAnimationSquareSpin.m; sourceTree = "<group>"; };
		453A6F4C225B3B9C006CC30A /* FDActivityIndicatorAnimationTriangleSkewSpin.h */ = {isa = PBXFileReference; lastKnownFileType = sourcecode.c.h; path = FDActivityIndicatorAnimationTriangleSkewSpin.h; sourceTree = "<group>"; };
		453A6F4D225B3B9C006CC30A /* FDActivityIndicatorAnimationTriangleSkewSpin.m */ = {isa = PBXFileReference; lastKnownFileType = sourcecode.c.objc; path = FDActivityIndicatorAnimationTriangleSkewSpin.m; sourceTree = "<group>"; };
		453A6F51225C49B9006CC30A /* FDWebJsViewController.h */ = {isa = PBXFileReference; lastKnownFileType = sourcecode.c.h; path = FDWebJsViewController.h; sourceTree = "<group>"; };
		453A6F52225C49B9006CC30A /* FDWebJsViewController.m */ = {isa = PBXFileReference; lastKnownFileType = sourcecode.c.objc; path = FDWebJsViewController.m; sourceTree = "<group>"; };
		453A6F5D225C9DC4006CC30A /* FDNativeInterface.h */ = {isa = PBXFileReference; lastKnownFileType = sourcecode.c.h; path = FDNativeInterface.h; sourceTree = "<group>"; };
		453A6F62225CAF1C006CC30A /* NSObject+FDPropertyMethod.h */ = {isa = PBXFileReference; lastKnownFileType = sourcecode.c.h; path = "NSObject+FDPropertyMethod.h"; sourceTree = "<group>"; };
		453A6F63225CAF1C006CC30A /* NSObject+FDPropertyMethod.m */ = {isa = PBXFileReference; lastKnownFileType = sourcecode.c.objc; path = "NSObject+FDPropertyMethod.m"; sourceTree = "<group>"; };
		45820E3421EF358C0052F033 /* FDPopMenu.h */ = {isa = PBXFileReference; lastKnownFileType = sourcecode.c.h; path = FDPopMenu.h; sourceTree = "<group>"; };
		45820E3521EF358C0052F033 /* FDPopMenu.m */ = {isa = PBXFileReference; lastKnownFileType = sourcecode.c.objc; path = FDPopMenu.m; sourceTree = "<group>"; };
		45820E3821EF39CB0052F033 /* FDPopMenuItem.h */ = {isa = PBXFileReference; lastKnownFileType = sourcecode.c.h; path = FDPopMenuItem.h; sourceTree = "<group>"; };
		45820E3921EF39CB0052F033 /* FDPopMenuItem.m */ = {isa = PBXFileReference; lastKnownFileType = sourcecode.c.objc; path = FDPopMenuItem.m; sourceTree = "<group>"; };
		4587C99521DDE71E005AE3AB /* UIImage+FDGradient.h */ = {isa = PBXFileReference; lastKnownFileType = sourcecode.c.h; path = "UIImage+FDGradient.h"; sourceTree = "<group>"; };
		4587C99621DDE71E005AE3AB /* UIImage+FDGradient.m */ = {isa = PBXFileReference; lastKnownFileType = sourcecode.c.objc; path = "UIImage+FDGradient.m"; sourceTree = "<group>"; };
		45894CEB21E4AA5600E5E9A9 /* FDActivityIndicatorAnimationBallPulse.h */ = {isa = PBXFileReference; lastKnownFileType = sourcecode.c.h; path = FDActivityIndicatorAnimationBallPulse.h; sourceTree = "<group>"; };
		45894CEC21E4AA5600E5E9A9 /* FDActivityIndicatorAnimationBallPulse.m */ = {isa = PBXFileReference; lastKnownFileType = sourcecode.c.objc; path = FDActivityIndicatorAnimationBallPulse.m; sourceTree = "<group>"; };
		45894CF821E5C43800E5E9A9 /* FDActivityIndicatorView.h */ = {isa = PBXFileReference; lastKnownFileType = sourcecode.c.h; path = FDActivityIndicatorView.h; sourceTree = "<group>"; };
		45894CF921E5C43800E5E9A9 /* FDActivityIndicatorView.m */ = {isa = PBXFileReference; lastKnownFileType = sourcecode.c.objc; path = FDActivityIndicatorView.m; sourceTree = "<group>"; };
		45894CFC21E5E12E00E5E9A9 /* FDActivityIndicatorAnimationBallScale.h */ = {isa = PBXFileReference; lastKnownFileType = sourcecode.c.h; path = FDActivityIndicatorAnimationBallScale.h; sourceTree = "<group>"; };
		45894CFD21E5E12E00E5E9A9 /* FDActivityIndicatorAnimationBallScale.m */ = {isa = PBXFileReference; lastKnownFileType = sourcecode.c.objc; path = FDActivityIndicatorAnimationBallScale.m; sourceTree = "<group>"; };
		45936AB62241E13C0073C9E2 /* UIImageView+FDWebImageView.h */ = {isa = PBXFileReference; fileEncoding = 4; lastKnownFileType = sourcecode.c.h; path = "UIImageView+FDWebImageView.h"; sourceTree = "<group>"; };
		45936AB72241E13C0073C9E2 /* FDWebImageDownloaderOperation.h */ = {isa = PBXFileReference; fileEncoding = 4; lastKnownFileType = sourcecode.c.h; path = FDWebImageDownloaderOperation.h; sourceTree = "<group>"; };
		45936AB82241E13C0073C9E2 /* FDWebImageDownloader.m */ = {isa = PBXFileReference; fileEncoding = 4; lastKnownFileType = sourcecode.c.objc; path = FDWebImageDownloader.m; sourceTree = "<group>"; };
		45936AB92241E13C0073C9E2 /* FDWebImageManager.h */ = {isa = PBXFileReference; fileEncoding = 4; lastKnownFileType = sourcecode.c.h; path = FDWebImageManager.h; sourceTree = "<group>"; };
		45936ABA2241E13C0073C9E2 /* FDWebImageManager.m */ = {isa = PBXFileReference; fileEncoding = 4; lastKnownFileType = sourcecode.c.objc; path = FDWebImageManager.m; sourceTree = "<group>"; };
		45936ABB2241E13C0073C9E2 /* UIImageView+FDWebImageView.m */ = {isa = PBXFileReference; fileEncoding = 4; lastKnownFileType = sourcecode.c.objc; path = "UIImageView+FDWebImageView.m"; sourceTree = "<group>"; };
		45936ABC2241E13C0073C9E2 /* FDWebImageDownloaderOperation.m */ = {isa = PBXFileReference; fileEncoding = 4; lastKnownFileType = sourcecode.c.objc; path = FDWebImageDownloaderOperation.m; sourceTree = "<group>"; };
		45936ABD2241E13D0073C9E2 /* FDWebImageDownloader.h */ = {isa = PBXFileReference; fileEncoding = 4; lastKnownFileType = sourcecode.c.h; path = FDWebImageDownloader.h; sourceTree = "<group>"; };
		45936AD3224361350073C9E2 /* NSString+FDMD5.h */ = {isa = PBXFileReference; lastKnownFileType = sourcecode.c.h; path = "NSString+FDMD5.h"; sourceTree = "<group>"; };
		45936AD4224361350073C9E2 /* NSString+FDMD5.m */ = {isa = PBXFileReference; lastKnownFileType = sourcecode.c.objc; path = "NSString+FDMD5.m"; sourceTree = "<group>"; };
		45936AD8224367660073C9E2 /* FDDiskCache.h */ = {isa = PBXFileReference; lastKnownFileType = sourcecode.c.h; path = FDDiskCache.h; sourceTree = "<group>"; };
		45936AD9224367660073C9E2 /* FDDiskCache.m */ = {isa = PBXFileReference; lastKnownFileType = sourcecode.c.objc; path = FDDiskCache.m; sourceTree = "<group>"; };
		45936ADC2243A0A20073C9E2 /* NSString+FDFileDirectory.h */ = {isa = PBXFileReference; lastKnownFileType = sourcecode.c.h; path = "NSString+FDFileDirectory.h"; sourceTree = "<group>"; };
		45936ADD2243A0A20073C9E2 /* NSString+FDFileDirectory.m */ = {isa = PBXFileReference; lastKnownFileType = sourcecode.c.objc; path = "NSString+FDFileDirectory.m"; sourceTree = "<group>"; };
		45936AE2224A1B670073C9E2 /* FDMemoryCache.h */ = {isa = PBXFileReference; lastKnownFileType = sourcecode.c.h; path = FDMemoryCache.h; sourceTree = "<group>"; };
		45936AE3224A1B670073C9E2 /* FDMemoryCache.m */ = {isa = PBXFileReference; lastKnownFileType = sourcecode.c.objc; path = FDMemoryCache.m; sourceTree = "<group>"; };
		45A20435225DF8CC00C068AE /* WKWebViewJavascriptBridge.h */ = {isa = PBXFileReference; fileEncoding = 4; lastKnownFileType = sourcecode.c.h; path = WKWebViewJavascriptBridge.h; sourceTree = "<group>"; };
		45A20436225DF8CC00C068AE /* WebViewJavascriptBridge.h */ = {isa = PBXFileReference; fileEncoding = 4; lastKnownFileType = sourcecode.c.h; path = WebViewJavascriptBridge.h; sourceTree = "<group>"; };
		45A20437225DF8CC00C068AE /* WebViewJavascriptBridge.m */ = {isa = PBXFileReference; fileEncoding = 4; lastKnownFileType = sourcecode.c.objc; path = WebViewJavascriptBridge.m; sourceTree = "<group>"; };
		45A20438225DF8CC00C068AE /* WebViewJavascriptBridge_JS.m */ = {isa = PBXFileReference; fileEncoding = 4; lastKnownFileType = sourcecode.c.objc; path = WebViewJavascriptBridge_JS.m; sourceTree = "<group>"; };
		45A20439225DF8CC00C068AE /* WebViewJavascriptBridgeBase.m */ = {isa = PBXFileReference; fileEncoding = 4; lastKnownFileType = sourcecode.c.objc; path = WebViewJavascriptBridgeBase.m; sourceTree = "<group>"; };
		45A2043A225DF8CC00C068AE /* WebViewJavascriptBridge_JS.h */ = {isa = PBXFileReference; fileEncoding = 4; lastKnownFileType = sourcecode.c.h; path = WebViewJavascriptBridge_JS.h; sourceTree = "<group>"; };
		45A2043B225DF8CC00C068AE /* WebViewJavascriptBridgeBase.h */ = {isa = PBXFileReference; fileEncoding = 4; lastKnownFileType = sourcecode.c.h; path = WebViewJavascriptBridgeBase.h; sourceTree = "<group>"; };
		45A2043C225DF8CC00C068AE /* WKWebViewJavascriptBridge.m */ = {isa = PBXFileReference; fileEncoding = 4; lastKnownFileType = sourcecode.c.objc; path = WKWebViewJavascriptBridge.m; sourceTree = "<group>"; };
		45A20446225E03CD00C068AE /* NSDictionary+FDJSONSerialization.h */ = {isa = PBXFileReference; lastKnownFileType = sourcecode.c.h; path = "NSDictionary+FDJSONSerialization.h"; sourceTree = "<group>"; };
		45A20447225E03CD00C068AE /* NSDictionary+FDJSONSerialization.m */ = {isa = PBXFileReference; lastKnownFileType = sourcecode.c.objc; path = "NSDictionary+FDJSONSerialization.m"; sourceTree = "<group>"; };
		45A2044A225F194E00C068AE /* FDWebProgressView.h */ = {isa = PBXFileReference; lastKnownFileType = sourcecode.c.h; path = FDWebProgressView.h; sourceTree = "<group>"; };
		45A2044B225F194E00C068AE /* FDWebProgressView.m */ = {isa = PBXFileReference; lastKnownFileType = sourcecode.c.objc; path = FDWebProgressView.m; sourceTree = "<group>"; };
		45A2044E225F22B800C068AE /* FDWebViewJavascriptBridge.h */ = {isa = PBXFileReference; lastKnownFileType = sourcecode.c.h; path = FDWebViewJavascriptBridge.h; sourceTree = "<group>"; };
		45A2044F225F22B800C068AE /* FDWebViewJavascriptBridge.m */ = {isa = PBXFileReference; lastKnownFileType = sourcecode.c.objc; path = FDWebViewJavascriptBridge.m; sourceTree = "<group>"; };
		45A204582260710700C068AE /* FDPermissionMng.h */ = {isa = PBXFileReference; lastKnownFileType = sourcecode.c.h; path = FDPermissionMng.h; sourceTree = "<group>"; };
		45A204592260710700C068AE /* FDPermissionMng.m */ = {isa = PBXFileReference; lastKnownFileType = sourcecode.c.objc; path = FDPermissionMng.m; sourceTree = "<group>"; };
		45A2045C2260980D00C068AE /* UIColor+FDPalettes.h */ = {isa = PBXFileReference; lastKnownFileType = sourcecode.c.h; path = "UIColor+FDPalettes.h"; sourceTree = "<group>"; };
		45A2045D2260980D00C068AE /* UIColor+FDPalettes.m */ = {isa = PBXFileReference; lastKnownFileType = sourcecode.c.objc; path = "UIColor+FDPalettes.m"; sourceTree = "<group>"; };
		45A204602260A4BF00C068AE /* UIColor+FDGradientColor.h */ = {isa = PBXFileReference; lastKnownFileType = sourcecode.c.h; path = "UIColor+FDGradientColor.h"; sourceTree = "<group>"; };
		45A204612260A4BF00C068AE /* UIColor+FDGradientColor.m */ = {isa = PBXFileReference; lastKnownFileType = sourcecode.c.objc; path = "UIColor+FDGradientColor.m"; sourceTree = "<group>"; };
		45A204652264705800C068AE /* FDRouterRegParam.h */ = {isa = PBXFileReference; lastKnownFileType = sourcecode.c.h; path = FDRouterRegParam.h; sourceTree = "<group>"; };
		45A204662264705800C068AE /* FDRouterRegParam.m */ = {isa = PBXFileReference; lastKnownFileType = sourcecode.c.objc; path = FDRouterRegParam.m; sourceTree = "<group>"; };
		45A20469226470F500C068AE /* FDRouter.h */ = {isa = PBXFileReference; lastKnownFileType = sourcecode.c.h; path = FDRouter.h; sourceTree = "<group>"; };
		45A2046A226470F500C068AE /* FDRouter.m */ = {isa = PBXFileReference; lastKnownFileType = sourcecode.c.objc; path = FDRouter.m; sourceTree = "<group>"; };
		45A204782265794E00C068AE /* UINavigationController+FDRouter.h */ = {isa = PBXFileReference; lastKnownFileType = sourcecode.c.h; path = "UINavigationController+FDRouter.h"; sourceTree = "<group>"; };
		45A204792265794E00C068AE /* UINavigationController+FDRouter.m */ = {isa = PBXFileReference; lastKnownFileType = sourcecode.c.objc; path = "UINavigationController+FDRouter.m"; sourceTree = "<group>"; };
		45A2047D2265BE8900C068AE /* NSBundle+FDMainBundle.h */ = {isa = PBXFileReference; lastKnownFileType = sourcecode.c.h; path = "NSBundle+FDMainBundle.h"; sourceTree = "<group>"; };
		45A2047E2265BE8900C068AE /* NSBundle+FDMainBundle.m */ = {isa = PBXFileReference; lastKnownFileType = sourcecode.c.objc; path = "NSBundle+FDMainBundle.m"; sourceTree = "<group>"; };
		45A204822266F0C200C068AE /* NSString+FDURL.h */ = {isa = PBXFileReference; lastKnownFileType = sourcecode.c.h; path = "NSString+FDURL.h"; sourceTree = "<group>"; };
		45A204832266F0C200C068AE /* NSString+FDURL.m */ = {isa = PBXFileReference; lastKnownFileType = sourcecode.c.objc; path = "NSString+FDURL.m"; sourceTree = "<group>"; };
		45A2048622671B0800C068AE /* UIViewController+FDRouter.h */ = {isa = PBXFileReference; lastKnownFileType = sourcecode.c.h; path = "UIViewController+FDRouter.h"; sourceTree = "<group>"; };
		45A2048722671B0800C068AE /* UIViewController+FDRouter.m */ = {isa = PBXFileReference; lastKnownFileType = sourcecode.c.objc; path = "UIViewController+FDRouter.m"; sourceTree = "<group>"; };
		45A2048B2269A23B00C068AE /* UIButton+FDImageTitleVerticalLayout.h */ = {isa = PBXFileReference; lastKnownFileType = sourcecode.c.h; path = "UIButton+FDImageTitleVerticalLayout.h"; sourceTree = "<group>"; };
		45A2048C2269A23B00C068AE /* UIButton+FDImageTitleVerticalLayout.m */ = {isa = PBXFileReference; lastKnownFileType = sourcecode.c.objc; path = "UIButton+FDImageTitleVerticalLayout.m"; sourceTree = "<group>"; };
		45A2049C2269B84F00C068AE /* NSData+FDDictionary.h */ = {isa = PBXFileReference; lastKnownFileType = sourcecode.c.h; path = "NSData+FDDictionary.h"; sourceTree = "<group>"; };
		45A2049D2269B84F00C068AE /* NSData+FDDictionary.m */ = {isa = PBXFileReference; lastKnownFileType = sourcecode.c.objc; path = "NSData+FDDictionary.m"; sourceTree = "<group>"; };
		45A204A522730F8000C068AE /* FDAudioFrequencySpectrum.h */ = {isa = PBXFileReference; lastKnownFileType = sourcecode.c.h; path = FDAudioFrequencySpectrum.h; sourceTree = "<group>"; };
		45A204A622730F8000C068AE /* FDAudioFrequencySpectrum.m */ = {isa = PBXFileReference; lastKnownFileType = sourcecode.c.objc; path = FDAudioFrequencySpectrum.m; sourceTree = "<group>"; };
		45A204A92273129800C068AE /* FDFrequencySpectrumIndicator.h */ = {isa = PBXFileReference; lastKnownFileType = sourcecode.c.h; path = FDFrequencySpectrumIndicator.h; sourceTree = "<group>"; };
		45A204AA2273129800C068AE /* FDFrequencySpectrumIndicator.m */ = {isa = PBXFileReference; lastKnownFileType = sourcecode.c.objc; path = FDFrequencySpectrumIndicator.m; sourceTree = "<group>"; };
		45A204B22276E57800C068AE /* FDRect180UpDownAni.h */ = {isa = PBXFileReference; lastKnownFileType = sourcecode.c.h; path = FDRect180UpDownAni.h; sourceTree = "<group>"; };
		45A204B32276E57800C068AE /* FDRect180UpDownAni.m */ = {isa = PBXFileReference; lastKnownFileType = sourcecode.c.objc; path = FDRect180UpDownAni.m; sourceTree = "<group>"; };
		45A204B62277070300C068AE /* FDRect360UpDownAni.h */ = {isa = PBXFileReference; lastKnownFileType = sourcecode.c.h; path = FDRect360UpDownAni.h; sourceTree = "<group>"; };
		45A204B72277070300C068AE /* FDRect360UpDownAni.m */ = {isa = PBXFileReference; lastKnownFileType = sourcecode.c.objc; path = FDRect360UpDownAni.m; sourceTree = "<group>"; };
		6D050CCB225C349F00B4FAF1 /* UIImageView+FDImageCoder.m */ = {isa = PBXFileReference; fileEncoding = 4; lastKnownFileType = sourcecode.c.objc; path = "UIImageView+FDImageCoder.m"; sourceTree = "<group>"; };
		6D050CCC225C349F00B4FAF1 /* UIImageView+FDImageCoder.h */ = {isa = PBXFileReference; fileEncoding = 4; lastKnownFileType = sourcecode.c.h; path = "UIImageView+FDImageCoder.h"; sourceTree = "<group>"; };
		6D3B4B4221F842360073662D /* UIImage+FDColor.h */ = {isa = PBXFileReference; lastKnownFileType = sourcecode.c.h; path = "UIImage+FDColor.h"; sourceTree = "<group>"; };
		6D3B4B4321F842360073662D /* UIImage+FDColor.m */ = {isa = PBXFileReference; lastKnownFileType = sourcecode.c.objc; path = "UIImage+FDColor.m"; sourceTree = "<group>"; };
/* End PBXFileReference section */

/* Begin PBXFrameworksBuildPhase section */
		4514D1D321BFAD8A0076290D /* Frameworks */ = {
			isa = PBXFrameworksBuildPhase;
			buildActionMask = 2147483647;
			files = (
			);
			runOnlyForDeploymentPostprocessing = 0;
		};
		4514D1DD21BFAD8A0076290D /* Frameworks */ = {
			isa = PBXFrameworksBuildPhase;
			buildActionMask = 2147483647;
			files = (
				4514D1E121BFAD8A0076290D /* FDControl.framework in Frameworks */,
			);
			runOnlyForDeploymentPostprocessing = 0;
		};
/* End PBXFrameworksBuildPhase section */

/* Begin PBXGroup section */
		4514D1CD21BFAD8A0076290D = {
			isa = PBXGroup;
			children = (
				4514D1D921BFAD8A0076290D /* FDControl */,
				4514D1E421BFAD8A0076290D /* FDControlTests */,
				4514D1D821BFAD8A0076290D /* Products */,
				452EA78322818FCE004BB575 /* Recovered References */,
			);
			sourceTree = "<group>";
		};
		4514D1D821BFAD8A0076290D /* Products */ = {
			isa = PBXGroup;
			children = (
				4514D1D721BFAD8A0076290D /* FDControl.framework */,
				4514D1E021BFAD8A0076290D /* FDControlTests.xctest */,
			);
			name = Products;
			sourceTree = "<group>";
		};
		4514D1D921BFAD8A0076290D /* FDControl */ = {
			isa = PBXGroup;
			children = (
				452EA79422827B29004BB575 /* Bussiness */,
				45A2046422646F9900C068AE /* Router */,
				4587C99221DDE37A005AE3AB /* Control */,
				4514D23321BFB3450076290D /* Category */,
				4514D1DA21BFAD8A0076290D /* FDControl.h */,
				4514D1DB21BFAD8A0076290D /* Info.plist */,
			);
			path = FDControl;
			sourceTree = "<group>";
		};
		4514D1E421BFAD8A0076290D /* FDControlTests */ = {
			isa = PBXGroup;
			children = (
				4514D1E521BFAD8A0076290D /* FDControlTests.m */,
				4514D1E721BFAD8A0076290D /* Info.plist */,
			);
			path = FDControlTests;
			sourceTree = "<group>";
		};
		4514D23321BFB3450076290D /* Category */ = {
			isa = PBXGroup;
			children = (
				45A2049B2269B83900C068AE /* NSData */,
				45A2047C2265BDEE00C068AE /* NSBundle */,
				452EA77222804576004BB575 /* UIControl */,
				45A2048A2269A05B00C068AE /* UIButton */,
				453A6F3F2254C512006CC30A /* CAShapeLayer */,
				45A20445225E01C900C068AE /* NSDictionary */,
				453A6F61225CAEB0006CC30A /* NSObject */,
				6D050CCA225C340E00B4FAF1 /* UIImageView */,
				4587C99421DDE672005AE3AB /* UIImage */,
				4514D24121BFBF4D0076290D /* NSString */,
				4514D24021BFBDC40076290D /* UIColor */,
				4514D23421BFB3DD0076290D /* UIView */,
			);
			path = Category;
			sourceTree = "<group>";
		};
		4514D23421BFB3DD0076290D /* UIView */ = {
			isa = PBXGroup;
			children = (
				4514D23521BFB4420076290D /* UIView+FDLayout.h */,
				4514D23621BFB4420076290D /* UIView+FDLayout.m */,
			);
			path = UIView;
			sourceTree = "<group>";
		};
		4514D24021BFBDC40076290D /* UIColor */ = {
			isa = PBXGroup;
			children = (
				4514D24621BFC56C0076290D /* UIColor+FDColor.h */,
				4514D24721BFC56C0076290D /* UIColor+FDColor.m */,
				45A2045C2260980D00C068AE /* UIColor+FDPalettes.h */,
				45A2045D2260980D00C068AE /* UIColor+FDPalettes.m */,
				45A204602260A4BF00C068AE /* UIColor+FDGradientColor.h */,
				45A204612260A4BF00C068AE /* UIColor+FDGradientColor.m */,
			);
			path = UIColor;
			sourceTree = "<group>";
		};
		4514D24121BFBF4D0076290D /* NSString */ = {
			isa = PBXGroup;
			children = (
				4514D24221BFC05E0076290D /* NSString+FDOperator.h */,
				4514D24321BFC05E0076290D /* NSString+FDOperator.m */,
				45936AD3224361350073C9E2 /* NSString+FDMD5.h */,
				45936AD4224361350073C9E2 /* NSString+FDMD5.m */,
				45936ADC2243A0A20073C9E2 /* NSString+FDFileDirectory.h */,
				45936ADD2243A0A20073C9E2 /* NSString+FDFileDirectory.m */,
				45A204822266F0C200C068AE /* NSString+FDURL.h */,
				45A204832266F0C200C068AE /* NSString+FDURL.m */,
			);
			path = NSString;
			sourceTree = "<group>";
		};
		452EA77222804576004BB575 /* UIControl */ = {
			isa = PBXGroup;
			children = (
				452EA773228045EC004BB575 /* UIControl+FDTargetAction.h */,
				452EA774228045EC004BB575 /* UIControl+FDTargetAction.m */,
			);
			path = UIControl;
			sourceTree = "<group>";
		};
		452EA78322818FCE004BB575 /* Recovered References */ = {
			isa = PBXGroup;
			children = (
			);
			name = "Recovered References";
			sourceTree = "<group>";
		};
		452EA78F22819ACC004BB575 /* Button */ = {
			isa = PBXGroup;
			children = (
				452EA79022819ACC004BB575 /* FDVerticalButton.m */,
				452EA79122819ACC004BB575 /* FDVerticalButton.h */,
			);
			path = Button;
			sourceTree = "<group>";
		};
		452EA79422827B29004BB575 /* Bussiness */ = {
			isa = PBXGroup;
			children = (
				452EA7952282AD8A004BB575 /* FDUserGuideView.h */,
				452EA7962282AD8A004BB575 /* FDUserGuideView.m */,
			);
			path = Bussiness;
			sourceTree = "<group>";
		};
		453A6F3F2254C512006CC30A /* CAShapeLayer */ = {
			isa = PBXGroup;
			children = (
				453A6F402254C552006CC30A /* CAShapeLayer+FDShapeHelper.h */,
				453A6F412254C552006CC30A /* CAShapeLayer+FDShapeHelper.m */,
			);
			path = CAShapeLayer;
			sourceTree = "<group>";
		};
		453A6F50225C4890006CC30A /* WebJsViewController */ = {
			isa = PBXGroup;
			children = (
				45A20434225DF89300C068AE /* WebviewJavascriptBridge */,
				453A6F58225C9D49006CC30A /* protocol */,
				453A6F51225C49B9006CC30A /* FDWebJsViewController.h */,
				453A6F52225C49B9006CC30A /* FDWebJsViewController.m */,
				45A2044A225F194E00C068AE /* FDWebProgressView.h */,
				45A2044B225F194E00C068AE /* FDWebProgressView.m */,
				45A2044E225F22B800C068AE /* FDWebViewJavascriptBridge.h */,
				45A2044F225F22B800C068AE /* FDWebViewJavascriptBridge.m */,
			);
			path = WebJsViewController;
			sourceTree = "<group>";
		};
		453A6F58225C9D49006CC30A /* protocol */ = {
			isa = PBXGroup;
			children = (
				453A6F5D225C9DC4006CC30A /* FDNativeInterface.h */,
			);
			path = protocol;
			sourceTree = "<group>";
		};
		453A6F61225CAEB0006CC30A /* NSObject */ = {
			isa = PBXGroup;
			children = (
				453A6F62225CAF1C006CC30A /* NSObject+FDPropertyMethod.h */,
				453A6F63225CAF1C006CC30A /* NSObject+FDPropertyMethod.m */,
			);
			path = NSObject;
			sourceTree = "<group>";
		};
		45820E3321EF355C0052F033 /* PopMenu */ = {
			isa = PBXGroup;
			children = (
				45820E3821EF39CB0052F033 /* FDPopMenuItem.h */,
				45820E3921EF39CB0052F033 /* FDPopMenuItem.m */,
				45820E3421EF358C0052F033 /* FDPopMenu.h */,
				45820E3521EF358C0052F033 /* FDPopMenu.m */,
			);
			path = PopMenu;
			sourceTree = "<group>";
		};
		4587C99221DDE37A005AE3AB /* Control */ = {
			isa = PBXGroup;
			children = (
				452EA78F22819ACC004BB575 /* Button */,
				45A204572260706600C068AE /* Permission */,
				45A204A42272B23500C068AE /* AudioFrequencySpectrum */,
				453A6F50225C4890006CC30A /* WebJsViewController */,
				45820E3321EF355C0052F033 /* PopMenu */,
				45936AEA224A36AC0073C9E2 /* Cache */,
				45936AB52241E0D60073C9E2 /* WebImageView */,
				45894CE921E4A58600E5E9A9 /* ActivityIndicator */,
			);
			path = Control;
			sourceTree = "<group>";
		};
		4587C99421DDE672005AE3AB /* UIImage */ = {
			isa = PBXGroup;
			children = (
				4587C99521DDE71E005AE3AB /* UIImage+FDGradient.h */,
				4587C99621DDE71E005AE3AB /* UIImage+FDGradient.m */,
				6D3B4B4221F842360073662D /* UIImage+FDColor.h */,
				6D3B4B4321F842360073662D /* UIImage+FDColor.m */,
			);
			path = UIImage;
			sourceTree = "<group>";
		};
		45894CE921E4A58600E5E9A9 /* ActivityIndicator */ = {
			isa = PBXGroup;
			children = (
				453A6F3B2254B96B006CC30A /* FDAnimationView.h */,
				453A6F3C2254B96B006CC30A /* FDAnimationView.m */,
				45894CF821E5C43800E5E9A9 /* FDActivityIndicatorView.h */,
				45894CF921E5C43800E5E9A9 /* FDActivityIndicatorView.m */,
				45894CEA21E4A64E00E5E9A9 /* Animations */,
			);
			path = ActivityIndicator;
			sourceTree = "<group>";
		};
		45894CEA21E4A64E00E5E9A9 /* Animations */ = {
			isa = PBXGroup;
			children = (
				45894CEB21E4AA5600E5E9A9 /* FDActivityIndicatorAnimationBallPulse.h */,
				45894CEC21E4AA5600E5E9A9 /* FDActivityIndicatorAnimationBallPulse.m */,
				45894CFC21E5E12E00E5E9A9 /* FDActivityIndicatorAnimationBallScale.h */,
				45894CFD21E5E12E00E5E9A9 /* FDActivityIndicatorAnimationBallScale.m */,
				453A6F31224CB806006CC30A /* FDActivityIndicatorAnimationBallGridPulse.h */,
				453A6F32224CB806006CC30A /* FDActivityIndicatorAnimationBallGridPulse.m */,
				453A6F442255A490006CC30A /* FDActivityIndicatorAnimationBallClipRotate.h */,
				453A6F452255A490006CC30A /* FDActivityIndicatorAnimationBallClipRotate.m */,
				453A6F482255FCDE006CC30A /* FDActivityIndicatorAnimationSquareSpin.h */,
				453A6F492255FCDE006CC30A /* FDActivityIndicatorAnimationSquareSpin.m */,
				453A6F4C225B3B9C006CC30A /* FDActivityIndicatorAnimationTriangleSkewSpin.h */,
				453A6F4D225B3B9C006CC30A /* FDActivityIndicatorAnimationTriangleSkewSpin.m */,
			);
			path = Animations;
			sourceTree = "<group>";
		};
		45936AB52241E0D60073C9E2 /* WebImageView */ = {
			isa = PBXGroup;
			children = (
				45936AB62241E13C0073C9E2 /* UIImageView+FDWebImageView.h */,
				45936ABB2241E13C0073C9E2 /* UIImageView+FDWebImageView.m */,
				45936ABD2241E13D0073C9E2 /* FDWebImageDownloader.h */,
				45936AB82241E13C0073C9E2 /* FDWebImageDownloader.m */,
				45936AB72241E13C0073C9E2 /* FDWebImageDownloaderOperation.h */,
				45936ABC2241E13C0073C9E2 /* FDWebImageDownloaderOperation.m */,
				45936AB92241E13C0073C9E2 /* FDWebImageManager.h */,
				45936ABA2241E13C0073C9E2 /* FDWebImageManager.m */,
			);
			path = WebImageView;
			sourceTree = "<group>";
		};
		45936AD7224366960073C9E2 /* DiskCache */ = {
			isa = PBXGroup;
			children = (
				45936AD8224367660073C9E2 /* FDDiskCache.h */,
				45936AD9224367660073C9E2 /* FDDiskCache.m */,
			);
			path = DiskCache;
			sourceTree = "<group>";
		};
		45936AE1224A1A7A0073C9E2 /* MemoryCache */ = {
			isa = PBXGroup;
			children = (
				45936AE2224A1B670073C9E2 /* FDMemoryCache.h */,
				45936AE3224A1B670073C9E2 /* FDMemoryCache.m */,
			);
			path = MemoryCache;
			sourceTree = "<group>";
		};
		45936AEA224A36AC0073C9E2 /* Cache */ = {
			isa = PBXGroup;
			children = (
				45936AD7224366960073C9E2 /* DiskCache */,
				45936AE1224A1A7A0073C9E2 /* MemoryCache */,
			);
			path = Cache;
			sourceTree = "<group>";
		};
		45A20434225DF89300C068AE /* WebviewJavascriptBridge */ = {
			isa = PBXGroup;
			children = (
				45A2043A225DF8CC00C068AE /* WebViewJavascriptBridge_JS.h */,
				45A20438225DF8CC00C068AE /* WebViewJavascriptBridge_JS.m */,
				45A20436225DF8CC00C068AE /* WebViewJavascriptBridge.h */,
				45A20437225DF8CC00C068AE /* WebViewJavascriptBridge.m */,
				45A2043B225DF8CC00C068AE /* WebViewJavascriptBridgeBase.h */,
				45A20439225DF8CC00C068AE /* WebViewJavascriptBridgeBase.m */,
				45A20435225DF8CC00C068AE /* WKWebViewJavascriptBridge.h */,
				45A2043C225DF8CC00C068AE /* WKWebViewJavascriptBridge.m */,
			);
			path = WebviewJavascriptBridge;
			sourceTree = "<group>";
		};
		45A20445225E01C900C068AE /* NSDictionary */ = {
			isa = PBXGroup;
			children = (
				45A20446225E03CD00C068AE /* NSDictionary+FDJSONSerialization.h */,
				45A20447225E03CD00C068AE /* NSDictionary+FDJSONSerialization.m */,
			);
			path = NSDictionary;
			sourceTree = "<group>";
		};
		45A204572260706600C068AE /* Permission */ = {
			isa = PBXGroup;
			children = (
				45A204582260710700C068AE /* FDPermissionMng.h */,
				45A204592260710700C068AE /* FDPermissionMng.m */,
			);
			path = Permission;
			sourceTree = "<group>";
		};
		45A2046422646F9900C068AE /* Router */ = {
			isa = PBXGroup;
			children = (
				45A204812265EB5900C068AE /* UIViewController */,
				45A204772265792300C068AE /* Navigation */,
				45A204652264705800C068AE /* FDRouterRegParam.h */,
				45A204662264705800C068AE /* FDRouterRegParam.m */,
				45A20469226470F500C068AE /* FDRouter.h */,
				45A2046A226470F500C068AE /* FDRouter.m */,
			);
			path = Router;
			sourceTree = "<group>";
		};
		45A204772265792300C068AE /* Navigation */ = {
			isa = PBXGroup;
			children = (
				45A204782265794E00C068AE /* UINavigationController+FDRouter.h */,
				45A204792265794E00C068AE /* UINavigationController+FDRouter.m */,
			);
			path = Navigation;
			sourceTree = "<group>";
		};
		45A2047C2265BDEE00C068AE /* NSBundle */ = {
			isa = PBXGroup;
			children = (
				45A2047D2265BE8900C068AE /* NSBundle+FDMainBundle.h */,
				45A2047E2265BE8900C068AE /* NSBundle+FDMainBundle.m */,
			);
			path = NSBundle;
			sourceTree = "<group>";
		};
		45A204812265EB5900C068AE /* UIViewController */ = {
			isa = PBXGroup;
			children = (
				45A2048622671B0800C068AE /* UIViewController+FDRouter.h */,
				45A2048722671B0800C068AE /* UIViewController+FDRouter.m */,
			);
			path = UIViewController;
			sourceTree = "<group>";
		};
		45A2048A2269A05B00C068AE /* UIButton */ = {
			isa = PBXGroup;
			children = (
				45A2048B2269A23B00C068AE /* UIButton+FDImageTitleVerticalLayout.h */,
				45A2048C2269A23B00C068AE /* UIButton+FDImageTitleVerticalLayout.m */,
				452EA77722812CFB004BB575 /* UIButton+FDConvenientMethod.h */,
				452EA77822812CFB004BB575 /* UIButton+FDConvenientMethod.m */,
				452EA77B22817534004BB575 /* UIButton+FDLoadingIndicator.h */,
				452EA77C22817534004BB575 /* UIButton+FDLoadingIndicator.m */,
			);
			path = UIButton;
			sourceTree = "<group>";
		};
		45A2049B2269B83900C068AE /* NSData */ = {
			isa = PBXGroup;
			children = (
				45A2049C2269B84F00C068AE /* NSData+FDDictionary.h */,
				45A2049D2269B84F00C068AE /* NSData+FDDictionary.m */,
			);
			path = NSData;
			sourceTree = "<group>";
		};
		45A204A42272B23500C068AE /* AudioFrequencySpectrum */ = {
			isa = PBXGroup;
			children = (
				45A204B12276E3F200C068AE /* Animations */,
				45A204A522730F8000C068AE /* FDAudioFrequencySpectrum.h */,
				45A204A622730F8000C068AE /* FDAudioFrequencySpectrum.m */,
				45A204A92273129800C068AE /* FDFrequencySpectrumIndicator.h */,
				45A204AA2273129800C068AE /* FDFrequencySpectrumIndicator.m */,
			);
			path = AudioFrequencySpectrum;
			sourceTree = "<group>";
		};
		45A204B12276E3F200C068AE /* Animations */ = {
			isa = PBXGroup;
			children = (
				45A204B22276E57800C068AE /* FDRect180UpDownAni.h */,
				45A204B32276E57800C068AE /* FDRect180UpDownAni.m */,
				45A204B62277070300C068AE /* FDRect360UpDownAni.h */,
				45A204B72277070300C068AE /* FDRect360UpDownAni.m */,
			);
			path = Animations;
			sourceTree = "<group>";
		};
		6D050CCA225C340E00B4FAF1 /* UIImageView */ = {
			isa = PBXGroup;
			children = (
				6D050CCC225C349F00B4FAF1 /* UIImageView+FDImageCoder.h */,
				6D050CCB225C349F00B4FAF1 /* UIImageView+FDImageCoder.m */,
			);
			path = UIImageView;
			sourceTree = "<group>";
		};
/* End PBXGroup section */

/* Begin PBXHeadersBuildPhase section */
		4514D1D421BFAD8A0076290D /* Headers */ = {
			isa = PBXHeadersBuildPhase;
			buildActionMask = 2147483647;
			files = (
				452EA7972282AD8A004BB575 /* FDUserGuideView.h in Headers */,
				45A204AB2273129800C068AE /* FDFrequencySpectrumIndicator.h in Headers */,
				45A2048822671B0800C068AE /* UIViewController+FDRouter.h in Headers */,
				45A204842266F0C200C068AE /* NSString+FDURL.h in Headers */,
				45A2047F2265BE8900C068AE /* NSBundle+FDMainBundle.h in Headers */,
				45A2047A2265794E00C068AE /* UINavigationController+FDRouter.h in Headers */,
				45A204672264705800C068AE /* FDRouterRegParam.h in Headers */,
				4587C99721DDE71E005AE3AB /* UIImage+FDGradient.h in Headers */,
				452EA77D22817534004BB575 /* UIButton+FDLoadingIndicator.h in Headers */,
				6D3B4B4421F842360073662D /* UIImage+FDColor.h in Headers */,
				452EA77922812CFB004BB575 /* UIButton+FDConvenientMethod.h in Headers */,
				452EA775228045EC004BB575 /* UIControl+FDTargetAction.h in Headers */,
				45A2048D2269A23B00C068AE /* UIButton+FDImageTitleVerticalLayout.h in Headers */,
				453A6F422254C552006CC30A /* CAShapeLayer+FDShapeHelper.h in Headers */,
				453A6F3D2254B96B006CC30A /* FDAnimationView.h in Headers */,
				45A20448225E03CD00C068AE /* NSDictionary+FDJSONSerialization.h in Headers */,
				45A2043D225DF8CC00C068AE /* WKWebViewJavascriptBridge.h in Headers */,
				45A2045E2260980D00C068AE /* UIColor+FDPalettes.h in Headers */,
				45A20442225DF8CC00C068AE /* WebViewJavascriptBridge_JS.h in Headers */,
				453A6F64225CAF1C006CC30A /* NSObject+FDPropertyMethod.h in Headers */,
				453A6F5E225C9DC4006CC30A /* FDNativeInterface.h in Headers */,
				453A6F53225C49B9006CC30A /* FDWebJsViewController.h in Headers */,
				45936AE4224A1B670073C9E2 /* FDMemoryCache.h in Headers */,
				45936ADA224367660073C9E2 /* FDDiskCache.h in Headers */,
				45936ADE2243A0A20073C9E2 /* NSString+FDFileDirectory.h in Headers */,
				45936AD5224361350073C9E2 /* NSString+FDMD5.h in Headers */,
				45A2045A2260710700C068AE /* FDPermissionMng.h in Headers */,
				45936ABE2241E13D0073C9E2 /* UIImageView+FDWebImageView.h in Headers */,
				45894CFE21E5E12E00E5E9A9 /* FDActivityIndicatorAnimationBallScale.h in Headers */,
				45A204B42276E57800C068AE /* FDRect180UpDownAni.h in Headers */,
				45894CFA21E5C43800E5E9A9 /* FDActivityIndicatorView.h in Headers */,
				45A204A722730F8000C068AE /* FDAudioFrequencySpectrum.h in Headers */,
				453A6F462255A490006CC30A /* FDActivityIndicatorAnimationBallClipRotate.h in Headers */,
				45A2049E2269B84F00C068AE /* NSData+FDDictionary.h in Headers */,
				45A2043E225DF8CC00C068AE /* WebViewJavascriptBridge.h in Headers */,
				45A204622260A4BF00C068AE /* UIColor+FDGradientColor.h in Headers */,
				45A2046B226470F500C068AE /* FDRouter.h in Headers */,
				45820E3A21EF39CB0052F033 /* FDPopMenuItem.h in Headers */,
				453A6F33224CB806006CC30A /* FDActivityIndicatorAnimationBallGridPulse.h in Headers */,
				453A6F4E225B3B9C006CC30A /* FDActivityIndicatorAnimationTriangleSkewSpin.h in Headers */,
				45A204B82277070300C068AE /* FDRect360UpDownAni.h in Headers */,
				453A6F4A2255FCDE006CC30A /* FDActivityIndicatorAnimationSquareSpin.h in Headers */,
				4514D24821BFC56C0076290D /* UIColor+FDColor.h in Headers */,
				6D050CCE225C349F00B4FAF1 /* UIImageView+FDImageCoder.h in Headers */,
				4514D24421BFC05E0076290D /* NSString+FDOperator.h in Headers */,
				452EA79322819ACC004BB575 /* FDVerticalButton.h in Headers */,
				45A20443225DF8CC00C068AE /* WebViewJavascriptBridgeBase.h in Headers */,
				45820E3621EF358C0052F033 /* FDPopMenu.h in Headers */,
				45936AC52241E13D0073C9E2 /* FDWebImageDownloader.h in Headers */,
				45936ABF2241E13D0073C9E2 /* FDWebImageDownloaderOperation.h in Headers */,
				45936AC12241E13D0073C9E2 /* FDWebImageManager.h in Headers */,
				45894CED21E4AA5600E5E9A9 /* FDActivityIndicatorAnimationBallPulse.h in Headers */,
				45A20450225F22B800C068AE /* FDWebViewJavascriptBridge.h in Headers */,
				4514D23721BFB4420076290D /* UIView+FDLayout.h in Headers */,
				4514D1E821BFAD8A0076290D /* FDControl.h in Headers */,
				45A2044C225F194F00C068AE /* FDWebProgressView.h in Headers */,
				6D3B4B4421F842360073662D /* UIImage+FDColor.h in Headers */,
			);
			runOnlyForDeploymentPostprocessing = 0;
		};
/* End PBXHeadersBuildPhase section */

/* Begin PBXNativeTarget section */
		4514D1D621BFAD8A0076290D /* FDControl */ = {
			isa = PBXNativeTarget;
			buildConfigurationList = 4514D1EB21BFAD8A0076290D /* Build configuration list for PBXNativeTarget "FDControl" */;
			buildPhases = (
				4514D1D221BFAD8A0076290D /* Sources */,
				4514D1D321BFAD8A0076290D /* Frameworks */,
				4514D1D421BFAD8A0076290D /* Headers */,
				4514D1D521BFAD8A0076290D /* Resources */,
			);
			buildRules = (
			);
			dependencies = (
			);
			name = FDControl;
			productName = FDControl;
			productReference = 4514D1D721BFAD8A0076290D /* FDControl.framework */;
			productType = "com.apple.product-type.framework";
		};
		4514D1DF21BFAD8A0076290D /* FDControlTests */ = {
			isa = PBXNativeTarget;
			buildConfigurationList = 4514D1EE21BFAD8A0076290D /* Build configuration list for PBXNativeTarget "FDControlTests" */;
			buildPhases = (
				4514D1DC21BFAD8A0076290D /* Sources */,
				4514D1DD21BFAD8A0076290D /* Frameworks */,
				4514D1DE21BFAD8A0076290D /* Resources */,
			);
			buildRules = (
			);
			dependencies = (
				4514D1E321BFAD8A0076290D /* PBXTargetDependency */,
			);
			name = FDControlTests;
			productName = FDControlTests;
			productReference = 4514D1E021BFAD8A0076290D /* FDControlTests.xctest */;
			productType = "com.apple.product-type.bundle.unit-test";
		};
/* End PBXNativeTarget section */

/* Begin PBXProject section */
		4514D1CE21BFAD8A0076290D /* Project object */ = {
			isa = PBXProject;
			attributes = {
				LastUpgradeCheck = 0940;
				ORGANIZATIONNAME = zhangyu528;
				TargetAttributes = {
					4514D1D621BFAD8A0076290D = {
						CreatedOnToolsVersion = 9.4.1;
					};
					4514D1DF21BFAD8A0076290D = {
						CreatedOnToolsVersion = 9.4.1;
					};
				};
			};
			buildConfigurationList = 4514D1D121BFAD8A0076290D /* Build configuration list for PBXProject "FDControl" */;
			compatibilityVersion = "Xcode 9.3";
			developmentRegion = en;
			hasScannedForEncodings = 0;
			knownRegions = (
				en,
			);
			mainGroup = 4514D1CD21BFAD8A0076290D;
			productRefGroup = 4514D1D821BFAD8A0076290D /* Products */;
			projectDirPath = "";
			projectRoot = "";
			targets = (
				4514D1D621BFAD8A0076290D /* FDControl */,
				4514D1DF21BFAD8A0076290D /* FDControlTests */,
			);
		};
/* End PBXProject section */

/* Begin PBXResourcesBuildPhase section */
		4514D1D521BFAD8A0076290D /* Resources */ = {
			isa = PBXResourcesBuildPhase;
			buildActionMask = 2147483647;
			files = (
			);
			runOnlyForDeploymentPostprocessing = 0;
		};
		4514D1DE21BFAD8A0076290D /* Resources */ = {
			isa = PBXResourcesBuildPhase;
			buildActionMask = 2147483647;
			files = (
			);
			runOnlyForDeploymentPostprocessing = 0;
		};
/* End PBXResourcesBuildPhase section */

/* Begin PBXSourcesBuildPhase section */
		4514D1D221BFAD8A0076290D /* Sources */ = {
			isa = PBXSourcesBuildPhase;
			buildActionMask = 2147483647;
			files = (
				4514D24921BFC56C0076290D /* UIColor+FDColor.m in Sources */,
				45936ADB224367660073C9E2 /* FDDiskCache.m in Sources */,
				45A204B52276E57800C068AE /* FDRect180UpDownAni.m in Sources */,
				45A204B92277070300C068AE /* FDRect360UpDownAni.m in Sources */,
				45A204852266F0C200C068AE /* NSString+FDURL.m in Sources */,
				45A2048E2269A23B00C068AE /* UIButton+FDImageTitleVerticalLayout.m in Sources */,
				45936AC22241E13D0073C9E2 /* FDWebImageManager.m in Sources */,
				6D3B4B4521F842360073662D /* UIImage+FDColor.m in Sources */,
				45820E3B21EF39CB0052F033 /* FDPopMenuItem.m in Sources */,
				4514D23821BFB4420076290D /* UIView+FDLayout.m in Sources */,
				45A2049F2269B84F00C068AE /* NSData+FDDictionary.m in Sources */,
				453A6F34224CB806006CC30A /* FDActivityIndicatorAnimationBallGridPulse.m in Sources */,
				6D050CCD225C349F00B4FAF1 /* UIImageView+FDImageCoder.m in Sources */,
				4514D24521BFC05E0076290D /* NSString+FDOperator.m in Sources */,
				45A20441225DF8CC00C068AE /* WebViewJavascriptBridgeBase.m in Sources */,
				45A20444225DF8CC00C068AE /* WKWebViewJavascriptBridge.m in Sources */,
				45A204632260A4BF00C068AE /* UIColor+FDGradientColor.m in Sources */,
				45A2044D225F194F00C068AE /* FDWebProgressView.m in Sources */,
				45894CFF21E5E12E00E5E9A9 /* FDActivityIndicatorAnimationBallScale.m in Sources */,
				45A204AC2273129800C068AE /* FDFrequencySpectrumIndicator.m in Sources */,
				45A204A822730F8000C068AE /* FDAudioFrequencySpectrum.m in Sources */,
				45A204802265BE8900C068AE /* NSBundle+FDMainBundle.m in Sources */,
				45936ADF2243A0A20073C9E2 /* NSString+FDFileDirectory.m in Sources */,
				45894CFB21E5C43800E5E9A9 /* FDActivityIndicatorView.m in Sources */,
				45A2048922671B0800C068AE /* UIViewController+FDRouter.m in Sources */,
				452EA79222819ACC004BB575 /* FDVerticalButton.m in Sources */,
				4587C99821DDE71E005AE3AB /* UIImage+FDGradient.m in Sources */,
				453A6F472255A490006CC30A /* FDActivityIndicatorAnimationBallClipRotate.m in Sources */,
				45A2045B2260710700C068AE /* FDPermissionMng.m in Sources */,
				452EA77E22817534004BB575 /* UIButton+FDLoadingIndicator.m in Sources */,
				452EA7982282AD8A004BB575 /* FDUserGuideView.m in Sources */,
				453A6F4B2255FCDE006CC30A /* FDActivityIndicatorAnimationSquareSpin.m in Sources */,
				453A6F432254C552006CC30A /* CAShapeLayer+FDShapeHelper.m in Sources */,
				453A6F3E2254B96B006CC30A /* FDAnimationView.m in Sources */,
				45820E3721EF358C0052F033 /* FDPopMenu.m in Sources */,
				45936AC42241E13D0073C9E2 /* FDWebImageDownloaderOperation.m in Sources */,
				45936AE5224A1B670073C9E2 /* FDMemoryCache.m in Sources */,
				45A2047B2265794E00C068AE /* UINavigationController+FDRouter.m in Sources */,
				453A6F54225C49B9006CC30A /* FDWebJsViewController.m in Sources */,
				452EA77A22812CFB004BB575 /* UIButton+FDConvenientMethod.m in Sources */,
				45A2043F225DF8CC00C068AE /* WebViewJavascriptBridge.m in Sources */,
				452EA776228045EC004BB575 /* UIControl+FDTargetAction.m in Sources */,
				45A20451225F22B800C068AE /* FDWebViewJavascriptBridge.m in Sources */,
				45A20440225DF8CC00C068AE /* WebViewJavascriptBridge_JS.m in Sources */,
				453A6F65225CAF1C006CC30A /* NSObject+FDPropertyMethod.m in Sources */,
				45936AC02241E13D0073C9E2 /* FDWebImageDownloader.m in Sources */,
				45936AD6224361350073C9E2 /* NSString+FDMD5.m in Sources */,
				45A2045F2260980D00C068AE /* UIColor+FDPalettes.m in Sources */,
				45936AC32241E13D0073C9E2 /* UIImageView+FDWebImageView.m in Sources */,
				45A20449225E03CD00C068AE /* NSDictionary+FDJSONSerialization.m in Sources */,
				45A2046C226470F500C068AE /* FDRouter.m in Sources */,
				45A204682264705800C068AE /* FDRouterRegParam.m in Sources */,
				45894CEE21E4AA5600E5E9A9 /* FDActivityIndicatorAnimationBallPulse.m in Sources */,
				453A6F4F225B3B9C006CC30A /* FDActivityIndicatorAnimationTriangleSkewSpin.m in Sources */,
			);
			runOnlyForDeploymentPostprocessing = 0;
		};
		4514D1DC21BFAD8A0076290D /* Sources */ = {
			isa = PBXSourcesBuildPhase;
			buildActionMask = 2147483647;
			files = (
				4514D1E621BFAD8A0076290D /* FDControlTests.m in Sources */,
			);
			runOnlyForDeploymentPostprocessing = 0;
		};
/* End PBXSourcesBuildPhase section */

/* Begin PBXTargetDependency section */
		4514D1E321BFAD8A0076290D /* PBXTargetDependency */ = {
			isa = PBXTargetDependency;
			target = 4514D1D621BFAD8A0076290D /* FDControl */;
			targetProxy = 4514D1E221BFAD8A0076290D /* PBXContainerItemProxy */;
		};
/* End PBXTargetDependency section */

/* Begin XCBuildConfiguration section */
		4514D1E921BFAD8A0076290D /* Debug */ = {
			isa = XCBuildConfiguration;
			buildSettings = {
				ALWAYS_SEARCH_USER_PATHS = NO;
				CLANG_ANALYZER_NONNULL = YES;
				CLANG_ANALYZER_NUMBER_OBJECT_CONVERSION = YES_AGGRESSIVE;
				CLANG_CXX_LANGUAGE_STANDARD = "gnu++14";
				CLANG_CXX_LIBRARY = "libc++";
				CLANG_ENABLE_MODULES = YES;
				CLANG_ENABLE_OBJC_ARC = YES;
				CLANG_ENABLE_OBJC_WEAK = YES;
				CLANG_WARN_BLOCK_CAPTURE_AUTORELEASING = YES;
				CLANG_WARN_BOOL_CONVERSION = YES;
				CLANG_WARN_COMMA = YES;
				CLANG_WARN_CONSTANT_CONVERSION = YES;
				CLANG_WARN_DEPRECATED_OBJC_IMPLEMENTATIONS = YES;
				CLANG_WARN_DIRECT_OBJC_ISA_USAGE = YES_ERROR;
				CLANG_WARN_DOCUMENTATION_COMMENTS = YES;
				CLANG_WARN_EMPTY_BODY = YES;
				CLANG_WARN_ENUM_CONVERSION = YES;
				CLANG_WARN_INFINITE_RECURSION = YES;
				CLANG_WARN_INT_CONVERSION = YES;
				CLANG_WARN_NON_LITERAL_NULL_CONVERSION = YES;
				CLANG_WARN_OBJC_IMPLICIT_RETAIN_SELF = YES;
				CLANG_WARN_OBJC_LITERAL_CONVERSION = YES;
				CLANG_WARN_OBJC_ROOT_CLASS = YES_ERROR;
				CLANG_WARN_RANGE_LOOP_ANALYSIS = YES;
				CLANG_WARN_STRICT_PROTOTYPES = YES;
				CLANG_WARN_SUSPICIOUS_MOVE = YES;
				CLANG_WARN_UNGUARDED_AVAILABILITY = YES_AGGRESSIVE;
				CLANG_WARN_UNREACHABLE_CODE = YES;
				CLANG_WARN__DUPLICATE_METHOD_MATCH = YES;
				CODE_SIGN_IDENTITY = "iPhone Developer";
				COPY_PHASE_STRIP = NO;
				CURRENT_PROJECT_VERSION = 1;
				DEBUG_INFORMATION_FORMAT = dwarf;
				ENABLE_STRICT_OBJC_MSGSEND = YES;
				ENABLE_TESTABILITY = YES;
				GCC_C_LANGUAGE_STANDARD = gnu11;
				GCC_DYNAMIC_NO_PIC = NO;
				GCC_NO_COMMON_BLOCKS = YES;
				GCC_OPTIMIZATION_LEVEL = 0;
				GCC_PREPROCESSOR_DEFINITIONS = (
					"DEBUG=1",
					"$(inherited)",
				);
				GCC_WARN_64_TO_32_BIT_CONVERSION = YES;
				GCC_WARN_ABOUT_RETURN_TYPE = YES_ERROR;
				GCC_WARN_UNDECLARED_SELECTOR = YES;
				GCC_WARN_UNINITIALIZED_AUTOS = YES_AGGRESSIVE;
				GCC_WARN_UNUSED_FUNCTION = YES;
				GCC_WARN_UNUSED_VARIABLE = YES;
				IPHONEOS_DEPLOYMENT_TARGET = 11.4;
				MTL_ENABLE_DEBUG_INFO = YES;
				ONLY_ACTIVE_ARCH = YES;
				SDKROOT = iphoneos;
				VERSIONING_SYSTEM = "apple-generic";
				VERSION_INFO_PREFIX = "";
			};
			name = Debug;
		};
		4514D1EA21BFAD8A0076290D /* Release */ = {
			isa = XCBuildConfiguration;
			buildSettings = {
				ALWAYS_SEARCH_USER_PATHS = NO;
				CLANG_ANALYZER_NONNULL = YES;
				CLANG_ANALYZER_NUMBER_OBJECT_CONVERSION = YES_AGGRESSIVE;
				CLANG_CXX_LANGUAGE_STANDARD = "gnu++14";
				CLANG_CXX_LIBRARY = "libc++";
				CLANG_ENABLE_MODULES = YES;
				CLANG_ENABLE_OBJC_ARC = YES;
				CLANG_ENABLE_OBJC_WEAK = YES;
				CLANG_WARN_BLOCK_CAPTURE_AUTORELEASING = YES;
				CLANG_WARN_BOOL_CONVERSION = YES;
				CLANG_WARN_COMMA = YES;
				CLANG_WARN_CONSTANT_CONVERSION = YES;
				CLANG_WARN_DEPRECATED_OBJC_IMPLEMENTATIONS = YES;
				CLANG_WARN_DIRECT_OBJC_ISA_USAGE = YES_ERROR;
				CLANG_WARN_DOCUMENTATION_COMMENTS = YES;
				CLANG_WARN_EMPTY_BODY = YES;
				CLANG_WARN_ENUM_CONVERSION = YES;
				CLANG_WARN_INFINITE_RECURSION = YES;
				CLANG_WARN_INT_CONVERSION = YES;
				CLANG_WARN_NON_LITERAL_NULL_CONVERSION = YES;
				CLANG_WARN_OBJC_IMPLICIT_RETAIN_SELF = YES;
				CLANG_WARN_OBJC_LITERAL_CONVERSION = YES;
				CLANG_WARN_OBJC_ROOT_CLASS = YES_ERROR;
				CLANG_WARN_RANGE_LOOP_ANALYSIS = YES;
				CLANG_WARN_STRICT_PROTOTYPES = YES;
				CLANG_WARN_SUSPICIOUS_MOVE = YES;
				CLANG_WARN_UNGUARDED_AVAILABILITY = YES_AGGRESSIVE;
				CLANG_WARN_UNREACHABLE_CODE = YES;
				CLANG_WARN__DUPLICATE_METHOD_MATCH = YES;
				CODE_SIGN_IDENTITY = "iPhone Developer";
				COPY_PHASE_STRIP = NO;
				CURRENT_PROJECT_VERSION = 1;
				DEBUG_INFORMATION_FORMAT = "dwarf-with-dsym";
				ENABLE_NS_ASSERTIONS = NO;
				ENABLE_STRICT_OBJC_MSGSEND = YES;
				GCC_C_LANGUAGE_STANDARD = gnu11;
				GCC_NO_COMMON_BLOCKS = YES;
				GCC_WARN_64_TO_32_BIT_CONVERSION = YES;
				GCC_WARN_ABOUT_RETURN_TYPE = YES_ERROR;
				GCC_WARN_UNDECLARED_SELECTOR = YES;
				GCC_WARN_UNINITIALIZED_AUTOS = YES_AGGRESSIVE;
				GCC_WARN_UNUSED_FUNCTION = YES;
				GCC_WARN_UNUSED_VARIABLE = YES;
				IPHONEOS_DEPLOYMENT_TARGET = 11.4;
				MTL_ENABLE_DEBUG_INFO = NO;
				SDKROOT = iphoneos;
				VALIDATE_PRODUCT = YES;
				VERSIONING_SYSTEM = "apple-generic";
				VERSION_INFO_PREFIX = "";
			};
			name = Release;
		};
		4514D1EC21BFAD8A0076290D /* Debug */ = {
			isa = XCBuildConfiguration;
			buildSettings = {
				CODE_SIGN_IDENTITY = "";
				CODE_SIGN_STYLE = Automatic;
				DEFINES_MODULE = YES;
				DYLIB_COMPATIBILITY_VERSION = 1;
				DYLIB_CURRENT_VERSION = 1;
				DYLIB_INSTALL_NAME_BASE = "@rpath";
				INFOPLIST_FILE = FDControl/Info.plist;
				INSTALL_PATH = "$(LOCAL_LIBRARY_DIR)/Frameworks";
				LD_RUNPATH_SEARCH_PATHS = (
					"$(inherited)",
					"@executable_path/Frameworks",
					"@loader_path/Frameworks",
				);
				PRODUCT_BUNDLE_IDENTIFIER = com.yourcompany.FDControl;
				PRODUCT_NAME = "$(TARGET_NAME:c99extidentifier)";
				SKIP_INSTALL = YES;
				TARGETED_DEVICE_FAMILY = "1,2";
			};
			name = Debug;
		};
		4514D1ED21BFAD8A0076290D /* Release */ = {
			isa = XCBuildConfiguration;
			buildSettings = {
				CODE_SIGN_IDENTITY = "";
				CODE_SIGN_STYLE = Automatic;
				DEFINES_MODULE = YES;
				DYLIB_COMPATIBILITY_VERSION = 1;
				DYLIB_CURRENT_VERSION = 1;
				DYLIB_INSTALL_NAME_BASE = "@rpath";
				INFOPLIST_FILE = FDControl/Info.plist;
				INSTALL_PATH = "$(LOCAL_LIBRARY_DIR)/Frameworks";
				LD_RUNPATH_SEARCH_PATHS = (
					"$(inherited)",
					"@executable_path/Frameworks",
					"@loader_path/Frameworks",
				);
				PRODUCT_BUNDLE_IDENTIFIER = com.yourcompany.FDControl;
				PRODUCT_NAME = "$(TARGET_NAME:c99extidentifier)";
				SKIP_INSTALL = YES;
				TARGETED_DEVICE_FAMILY = "1,2";
			};
			name = Release;
		};
		4514D1EF21BFAD8A0076290D /* Debug */ = {
			isa = XCBuildConfiguration;
			buildSettings = {
				CODE_SIGN_STYLE = Automatic;
				INFOPLIST_FILE = FDControlTests/Info.plist;
				LD_RUNPATH_SEARCH_PATHS = (
					"$(inherited)",
					"@executable_path/Frameworks",
					"@loader_path/Frameworks",
				);
				PRODUCT_BUNDLE_IDENTIFIER = com.yourcompany.FDControlTests;
				PRODUCT_NAME = "$(TARGET_NAME)";
				TARGETED_DEVICE_FAMILY = "1,2";
			};
			name = Debug;
		};
		4514D1F021BFAD8A0076290D /* Release */ = {
			isa = XCBuildConfiguration;
			buildSettings = {
				CODE_SIGN_STYLE = Automatic;
				INFOPLIST_FILE = FDControlTests/Info.plist;
				LD_RUNPATH_SEARCH_PATHS = (
					"$(inherited)",
					"@executable_path/Frameworks",
					"@loader_path/Frameworks",
				);
				PRODUCT_BUNDLE_IDENTIFIER = com.yourcompany.FDControlTests;
				PRODUCT_NAME = "$(TARGET_NAME)";
				TARGETED_DEVICE_FAMILY = "1,2";
			};
			name = Release;
		};
/* End XCBuildConfiguration section */

/* Begin XCConfigurationList section */
		4514D1D121BFAD8A0076290D /* Build configuration list for PBXProject "FDControl" */ = {
			isa = XCConfigurationList;
			buildConfigurations = (
				4514D1E921BFAD8A0076290D /* Debug */,
				4514D1EA21BFAD8A0076290D /* Release */,
			);
			defaultConfigurationIsVisible = 0;
			defaultConfigurationName = Release;
		};
		4514D1EB21BFAD8A0076290D /* Build configuration list for PBXNativeTarget "FDControl" */ = {
			isa = XCConfigurationList;
			buildConfigurations = (
				4514D1EC21BFAD8A0076290D /* Debug */,
				4514D1ED21BFAD8A0076290D /* Release */,
			);
			defaultConfigurationIsVisible = 0;
			defaultConfigurationName = Release;
		};
		4514D1EE21BFAD8A0076290D /* Build configuration list for PBXNativeTarget "FDControlTests" */ = {
			isa = XCConfigurationList;
			buildConfigurations = (
				4514D1EF21BFAD8A0076290D /* Debug */,
				4514D1F021BFAD8A0076290D /* Release */,
			);
			defaultConfigurationIsVisible = 0;
			defaultConfigurationName = Release;
		};
/* End XCConfigurationList section */
	};
	rootObject = 4514D1CE21BFAD8A0076290D /* Project object */;
}
