// !$*UTF8*$!
{
	archiveVersion = 1;
	classes = {
	};
	objectVersion = 50;
	objects = {

/* Begin PBXBuildFile section */
		4514D1FF21BFADCF0076290D /* AppDelegate.m in Sources */ = {isa = PBXBuildFile; fileRef = 4514D1FE21BFADCF0076290D /* AppDelegate.m */; };
		4514D20221BFADCF0076290D /* ViewController.m in Sources */ = {isa = PBXBuildFile; fileRef = 4514D20121BFADCF0076290D /* ViewController.m */; };
		4514D20521BFADCF0076290D /* Main.storyboard in Resources */ = {isa = PBXBuildFile; fileRef = 4514D20321BFADCF0076290D /* Main.storyboard */; };
		4514D20721BFADD20076290D /* Assets.xcassets in Resources */ = {isa = PBXBuildFile; fileRef = 4514D20621BFADD20076290D /* Assets.xcassets */; };
		4514D20A21BFADD20076290D /* LaunchScreen.storyboard in Resources */ = {isa = PBXBuildFile; fileRef = 4514D20821BFADD20076290D /* LaunchScreen.storyboard */; };
		4514D20D21BFADD20076290D /* main.m in Sources */ = {isa = PBXBuildFile; fileRef = 4514D20C21BFADD20076290D /* main.m */; };
		4514D21721BFADD20076290D /* DemoTests.m in Sources */ = {isa = PBXBuildFile; fileRef = 4514D21621BFADD20076290D /* DemoTests.m */; };
		4514D22221BFADD20076290D /* DemoUITests.m in Sources */ = {isa = PBXBuildFile; fileRef = 4514D22121BFADD20076290D /* DemoUITests.m */; };
		4514D23E21BFBAA50076290D /* FDControl.framework in Frameworks */ = {isa = PBXBuildFile; fileRef = 4514D23D21BFBAA50076290D /* FDControl.framework */; };
		4514D23F21BFBAA50076290D /* FDControl.framework in Embed Frameworks */ = {isa = PBXBuildFile; fileRef = 4514D23D21BFBAA50076290D /* FDControl.framework */; settings = {ATTRIBUTES = (CodeSignOnCopy, RemoveHeadersOnCopy, ); }; };
		453A6F57225C8C0B006CC30A /* WebJsDemoViewController.m in Sources */ = {isa = PBXBuildFile; fileRef = 453A6F56225C8C0B006CC30A /* WebJsDemoViewController.m */; };
		453A6F69225DB664006CC30A /* NativeFunctionForJs.m in Sources */ = {isa = PBXBuildFile; fileRef = 453A6F68225DB664006CC30A /* NativeFunctionForJs.m */; };
		45A204B02275862F00C068AE /* AudioFrequencySpectrumViewController.m in Sources */ = {isa = PBXBuildFile; fileRef = 45A204AF2275862F00C068AE /* AudioFrequencySpectrumViewController.m */; };
		45A20470226495A100C068AE /* RouterDemoViewController.m in Sources */ = {isa = PBXBuildFile; fileRef = 45A2046F226495A100C068AE /* RouterDemoViewController.m */; };
		45A204732264987200C068AE /* RouterAViewController.m in Sources */ = {isa = PBXBuildFile; fileRef = 45A204722264987200C068AE /* RouterAViewController.m */; };
		45A204762264988700C068AE /* RouterBViewController.m in Sources */ = {isa = PBXBuildFile; fileRef = 45A204752264988700C068AE /* RouterBViewController.m */; };
		45A204962269A80F00C068AE /* ButtonDemoViewController.m in Sources */ = {isa = PBXBuildFile; fileRef = 45A204952269A80F00C068AE /* ButtonDemoViewController.m */; };
		6D050D0C225E175B00B4FAF1 /* testimage.jpg in Resources */ = {isa = PBXBuildFile; fileRef = 6D050D0B225E175B00B4FAF1 /* testimage.jpg */; };
		6D050D28225F399A00B4FAF1 /* UIImageViewDecoderViewController.m in Sources */ = {isa = PBXBuildFile; fileRef = 6D050D27225F399A00B4FAF1 /* UIImageViewDecoderViewController.m */; };
/* End PBXBuildFile section */

/* Begin PBXContainerItemProxy section */
		4514D21321BFADD20076290D /* PBXContainerItemProxy */ = {
			isa = PBXContainerItemProxy;
			containerPortal = 4514D1F221BFADCF0076290D /* Project object */;
			proxyType = 1;
			remoteGlobalIDString = 4514D1F921BFADCF0076290D;
			remoteInfo = Demo;
		};
		4514D21E21BFADD20076290D /* PBXContainerItemProxy */ = {
			isa = PBXContainerItemProxy;
			containerPortal = 4514D1F221BFADCF0076290D /* Project object */;
			proxyType = 1;
			remoteGlobalIDString = 4514D1F921BFADCF0076290D;
			remoteInfo = Demo;
		};
/* End PBXContainerItemProxy section */

/* Begin PBXCopyFilesBuildPhase section */
		4514D23C21BFBA990076290D /* Embed Frameworks */ = {
			isa = PBXCopyFilesBuildPhase;
			buildActionMask = 2147483647;
			dstPath = "";
			dstSubfolderSpec = 10;
			files = (
				4514D23F21BFBAA50076290D /* FDControl.framework in Embed Frameworks */,
			);
			name = "Embed Frameworks";
			runOnlyForDeploymentPostprocessing = 0;
		};
/* End PBXCopyFilesBuildPhase section */

/* Begin PBXFileReference section */
		4514D1FA21BFADCF0076290D /* Demo.app */ = {isa = PBXFileReference; explicitFileType = wrapper.application; includeInIndex = 0; path = Demo.app; sourceTree = BUILT_PRODUCTS_DIR; };
		4514D1FD21BFADCF0076290D /* AppDelegate.h */ = {isa = PBXFileReference; lastKnownFileType = sourcecode.c.h; path = AppDelegate.h; sourceTree = "<group>"; };
		4514D1FE21BFADCF0076290D /* AppDelegate.m */ = {isa = PBXFileReference; lastKnownFileType = sourcecode.c.objc; path = AppDelegate.m; sourceTree = "<group>"; };
		4514D20021BFADCF0076290D /* ViewController.h */ = {isa = PBXFileReference; lastKnownFileType = sourcecode.c.h; path = ViewController.h; sourceTree = "<group>"; };
		4514D20121BFADCF0076290D /* ViewController.m */ = {isa = PBXFileReference; lastKnownFileType = sourcecode.c.objc; path = ViewController.m; sourceTree = "<group>"; };
		4514D20421BFADCF0076290D /* Base */ = {isa = PBXFileReference; lastKnownFileType = file.storyboard; name = Base; path = Base.lproj/Main.storyboard; sourceTree = "<group>"; };
		4514D20621BFADD20076290D /* Assets.xcassets */ = {isa = PBXFileReference; lastKnownFileType = folder.assetcatalog; path = Assets.xcassets; sourceTree = "<group>"; };
		4514D20921BFADD20076290D /* Base */ = {isa = PBXFileReference; lastKnownFileType = file.storyboard; name = Base; path = Base.lproj/LaunchScreen.storyboard; sourceTree = "<group>"; };
		4514D20B21BFADD20076290D /* Info.plist */ = {isa = PBXFileReference; lastKnownFileType = text.plist.xml; path = Info.plist; sourceTree = "<group>"; };
		4514D20C21BFADD20076290D /* main.m */ = {isa = PBXFileReference; lastKnownFileType = sourcecode.c.objc; path = main.m; sourceTree = "<group>"; };
		4514D21221BFADD20076290D /* DemoTests.xctest */ = {isa = PBXFileReference; explicitFileType = wrapper.cfbundle; includeInIndex = 0; path = DemoTests.xctest; sourceTree = BUILT_PRODUCTS_DIR; };
		4514D21621BFADD20076290D /* DemoTests.m */ = {isa = PBXFileReference; lastKnownFileType = sourcecode.c.objc; path = DemoTests.m; sourceTree = "<group>"; };
		4514D21821BFADD20076290D /* Info.plist */ = {isa = PBXFileReference; lastKnownFileType = text.plist.xml; path = Info.plist; sourceTree = "<group>"; };
		4514D21D21BFADD20076290D /* DemoUITests.xctest */ = {isa = PBXFileReference; explicitFileType = wrapper.cfbundle; includeInIndex = 0; path = DemoUITests.xctest; sourceTree = BUILT_PRODUCTS_DIR; };
		4514D22121BFADD20076290D /* DemoUITests.m */ = {isa = PBXFileReference; lastKnownFileType = sourcecode.c.objc; path = DemoUITests.m; sourceTree = "<group>"; };
		4514D22321BFADD20076290D /* Info.plist */ = {isa = PBXFileReference; lastKnownFileType = text.plist.xml; path = Info.plist; sourceTree = "<group>"; };
		4514D23D21BFBAA50076290D /* FDControl.framework */ = {isa = PBXFileReference; explicitFileType = wrapper.framework; path = FDControl.framework; sourceTree = BUILT_PRODUCTS_DIR; };
		453A6F55225C8C0B006CC30A /* WebJsDemoViewController.h */ = {isa = PBXFileReference; lastKnownFileType = sourcecode.c.h; path = WebJsDemoViewController.h; sourceTree = "<group>"; };
		453A6F56225C8C0B006CC30A /* WebJsDemoViewController.m */ = {isa = PBXFileReference; lastKnownFileType = sourcecode.c.objc; path = WebJsDemoViewController.m; sourceTree = "<group>"; };
		453A6F67225DB664006CC30A /* NativeFunctionForJs.h */ = {isa = PBXFileReference; lastKnownFileType = sourcecode.c.h; path = NativeFunctionForJs.h; sourceTree = "<group>"; };
		453A6F68225DB664006CC30A /* NativeFunctionForJs.m */ = {isa = PBXFileReference; lastKnownFileType = sourcecode.c.objc; path = NativeFunctionForJs.m; sourceTree = "<group>"; };
		45A204AE2275862F00C068AE /* AudioFrequencySpectrumViewController.h */ = {isa = PBXFileReference; lastKnownFileType = sourcecode.c.h; path = AudioFrequencySpectrumViewController.h; sourceTree = "<group>"; };
		45A204AF2275862F00C068AE /* AudioFrequencySpectrumViewController.m */ = {isa = PBXFileReference; lastKnownFileType = sourcecode.c.objc; path = AudioFrequencySpectrumViewController.m; sourceTree = "<group>"; };
		45A2046E226495A100C068AE /* RouterDemoViewController.h */ = {isa = PBXFileReference; lastKnownFileType = sourcecode.c.h; path = RouterDemoViewController.h; sourceTree = "<group>"; };
		45A2046F226495A100C068AE /* RouterDemoViewController.m */ = {isa = PBXFileReference; lastKnownFileType = sourcecode.c.objc; path = RouterDemoViewController.m; sourceTree = "<group>"; };
		45A204712264987200C068AE /* RouterAViewController.h */ = {isa = PBXFileReference; lastKnownFileType = sourcecode.c.h; path = RouterAViewController.h; sourceTree = "<group>"; };
		45A204722264987200C068AE /* RouterAViewController.m */ = {isa = PBXFileReference; lastKnownFileType = sourcecode.c.objc; path = RouterAViewController.m; sourceTree = "<group>"; };
		45A204742264988700C068AE /* RouterBViewController.h */ = {isa = PBXFileReference; lastKnownFileType = sourcecode.c.h; path = RouterBViewController.h; sourceTree = "<group>"; };
		45A204752264988700C068AE /* RouterBViewController.m */ = {isa = PBXFileReference; lastKnownFileType = sourcecode.c.objc; path = RouterBViewController.m; sourceTree = "<group>"; };
		45A204942269A80F00C068AE /* ButtonDemoViewController.h */ = {isa = PBXFileReference; lastKnownFileType = sourcecode.c.h; path = ButtonDemoViewController.h; sourceTree = "<group>"; };
		45A204952269A80F00C068AE /* ButtonDemoViewController.m */ = {isa = PBXFileReference; lastKnownFileType = sourcecode.c.objc; path = ButtonDemoViewController.m; sourceTree = "<group>"; };
		6D050D0B225E175B00B4FAF1 /* testimage.jpg */ = {isa = PBXFileReference; lastKnownFileType = image.jpeg; path = testimage.jpg; sourceTree = "<group>"; };
		6D050D26225F399A00B4FAF1 /* UIImageViewDecoderViewController.h */ = {isa = PBXFileReference; lastKnownFileType = sourcecode.c.h; path = UIImageViewDecoderViewController.h; sourceTree = "<group>"; };
		6D050D27225F399A00B4FAF1 /* UIImageViewDecoderViewController.m */ = {isa = PBXFileReference; lastKnownFileType = sourcecode.c.objc; path = UIImageViewDecoderViewController.m; sourceTree = "<group>"; };
/* End PBXFileReference section */

/* Begin PBXFrameworksBuildPhase section */
		4514D1F721BFADCF0076290D /* Frameworks */ = {
			isa = PBXFrameworksBuildPhase;
			buildActionMask = 2147483647;
			files = (
				4514D23E21BFBAA50076290D /* FDControl.framework in Frameworks */,
			);
			runOnlyForDeploymentPostprocessing = 0;
		};
		4514D20F21BFADD20076290D /* Frameworks */ = {
			isa = PBXFrameworksBuildPhase;
			buildActionMask = 2147483647;
			files = (
			);
			runOnlyForDeploymentPostprocessing = 0;
		};
		4514D21A21BFADD20076290D /* Frameworks */ = {
			isa = PBXFrameworksBuildPhase;
			buildActionMask = 2147483647;
			files = (
			);
			runOnlyForDeploymentPostprocessing = 0;
		};
/* End PBXFrameworksBuildPhase section */

/* Begin PBXGroup section */
		4514D1F121BFADCF0076290D = {
			isa = PBXGroup;
			children = (
				6D050D0A225E175B00B4FAF1 /* resources */,
				4514D23D21BFBAA50076290D /* FDControl.framework */,
				4514D1FC21BFADCF0076290D /* Demo */,
				4514D21521BFADD20076290D /* DemoTests */,
				4514D22021BFADD20076290D /* DemoUITests */,
				4514D1FB21BFADCF0076290D /* Products */,
			);
			sourceTree = "<group>";
		};
		4514D1FB21BFADCF0076290D /* Products */ = {
			isa = PBXGroup;
			children = (
				4514D1FA21BFADCF0076290D /* Demo.app */,
				4514D21221BFADD20076290D /* DemoTests.xctest */,
				4514D21D21BFADD20076290D /* DemoUITests.xctest */,
			);
			name = Products;
			sourceTree = "<group>";
		};
		4514D1FC21BFADCF0076290D /* Demo */ = {
			isa = PBXGroup;
			children = (
				45A204AD227585A000C068AE /* AudioFrequencySpectrum */,
				45A2046D2264957800C068AE /* Router */,
				45A204932269A7E900C068AE /* Button */,
				453A6F66225DB61C006CC30A /* WebJs */,
				4514D1FD21BFADCF0076290D /* AppDelegate.h */,
				4514D1FE21BFADCF0076290D /* AppDelegate.m */,
				4514D20021BFADCF0076290D /* ViewController.h */,
				4514D20121BFADCF0076290D /* ViewController.m */,
				4514D20321BFADCF0076290D /* Main.storyboard */,
				4514D20621BFADD20076290D /* Assets.xcassets */,
				4514D20821BFADD20076290D /* LaunchScreen.storyboard */,
				4514D20B21BFADD20076290D /* Info.plist */,
				4514D20C21BFADD20076290D /* main.m */,
				6D050D26225F399A00B4FAF1 /* UIImageViewDecoderViewController.h */,
				6D050D27225F399A00B4FAF1 /* UIImageViewDecoderViewController.m */,
			);
			path = Demo;
			sourceTree = "<group>";
		};
		4514D21521BFADD20076290D /* DemoTests */ = {
			isa = PBXGroup;
			children = (
				4514D21621BFADD20076290D /* DemoTests.m */,
				4514D21821BFADD20076290D /* Info.plist */,
			);
			path = DemoTests;
			sourceTree = "<group>";
		};
		4514D22021BFADD20076290D /* DemoUITests */ = {
			isa = PBXGroup;
			children = (
				4514D22121BFADD20076290D /* DemoUITests.m */,
				4514D22321BFADD20076290D /* Info.plist */,
			);
			path = DemoUITests;
			sourceTree = "<group>";
		};
		453A6F66225DB61C006CC30A /* WebJs */ = {
			isa = PBXGroup;
			children = (
				453A6F55225C8C0B006CC30A /* WebJsDemoViewController.h */,
				453A6F56225C8C0B006CC30A /* WebJsDemoViewController.m */,
				453A6F67225DB664006CC30A /* NativeFunctionForJs.h */,
				453A6F68225DB664006CC30A /* NativeFunctionForJs.m */,
			);
			path = WebJs;
			sourceTree = "<group>";
		};
		45A204AD227585A000C068AE /* AudioFrequencySpectrum */ = {
			isa = PBXGroup;
			children = (
				45A204AE2275862F00C068AE /* AudioFrequencySpectrumViewController.h */,
				45A204AF2275862F00C068AE /* AudioFrequencySpectrumViewController.m */,
			);
			path = AudioFrequencySpectrum;
			sourceTree = "<group>";
		};
		45A2046D2264957800C068AE /* Router */ = {
			isa = PBXGroup;
			children = (
				45A2046E226495A100C068AE /* RouterDemoViewController.h */,
				45A2046F226495A100C068AE /* RouterDemoViewController.m */,
				45A204712264987200C068AE /* RouterAViewController.h */,
				45A204722264987200C068AE /* RouterAViewController.m */,
				45A204742264988700C068AE /* RouterBViewController.h */,
				45A204752264988700C068AE /* RouterBViewController.m */,
			);
			path = Router;
			sourceTree = "<group>";
		};
		45A204932269A7E900C068AE /* Button */ = {
			isa = PBXGroup;
			children = (
				45A204942269A80F00C068AE /* ButtonDemoViewController.h */,
				45A204952269A80F00C068AE /* ButtonDemoViewController.m */,
			);
			path = Button;
			sourceTree = "<group>";
		};
		6D050D0A225E175B00B4FAF1 /* resources */ = {
			isa = PBXGroup;
			children = (
				6D050D0B225E175B00B4FAF1 /* testimage.jpg */,
			);
			name = resources;
			path = Demo/resources;
			sourceTree = "<group>";
		};
/* End PBXGroup section */

/* Begin PBXNativeTarget section */
		4514D1F921BFADCF0076290D /* Demo */ = {
			isa = PBXNativeTarget;
			buildConfigurationList = 4514D22621BFADD20076290D /* Build configuration list for PBXNativeTarget "Demo" */;
			buildPhases = (
				4514D1F621BFADCF0076290D /* Sources */,
				4514D1F721BFADCF0076290D /* Frameworks */,
				4514D1F821BFADCF0076290D /* Resources */,
				4514D23C21BFBA990076290D /* Embed Frameworks */,
			);
			buildRules = (
			);
			dependencies = (
			);
			name = Demo;
			productName = Demo;
			productReference = 4514D1FA21BFADCF0076290D /* Demo.app */;
			productType = "com.apple.product-type.application";
		};
		4514D21121BFADD20076290D /* DemoTests */ = {
			isa = PBXNativeTarget;
			buildConfigurationList = 4514D22921BFADD20076290D /* Build configuration list for PBXNativeTarget "DemoTests" */;
			buildPhases = (
				4514D20E21BFADD20076290D /* Sources */,
				4514D20F21BFADD20076290D /* Frameworks */,
				4514D21021BFADD20076290D /* Resources */,
			);
			buildRules = (
			);
			dependencies = (
				4514D21421BFADD20076290D /* PBXTargetDependency */,
			);
			name = DemoTests;
			productName = DemoTests;
			productReference = 4514D21221BFADD20076290D /* DemoTests.xctest */;
			productType = "com.apple.product-type.bundle.unit-test";
		};
		4514D21C21BFADD20076290D /* DemoUITests */ = {
			isa = PBXNativeTarget;
			buildConfigurationList = 4514D22C21BFADD20076290D /* Build configuration list for PBXNativeTarget "DemoUITests" */;
			buildPhases = (
				4514D21921BFADD20076290D /* Sources */,
				4514D21A21BFADD20076290D /* Frameworks */,
				4514D21B21BFADD20076290D /* Resources */,
			);
			buildRules = (
			);
			dependencies = (
				4514D21F21BFADD20076290D /* PBXTargetDependency */,
			);
			name = DemoUITests;
			productName = DemoUITests;
			productReference = 4514D21D21BFADD20076290D /* DemoUITests.xctest */;
			productType = "com.apple.product-type.bundle.ui-testing";
		};
/* End PBXNativeTarget section */

/* Begin PBXProject section */
		4514D1F221BFADCF0076290D /* Project object */ = {
			isa = PBXProject;
			attributes = {
				LastUpgradeCheck = 0940;
				ORGANIZATIONNAME = zhangyu528;
				TargetAttributes = {
					4514D1F921BFADCF0076290D = {
						CreatedOnToolsVersion = 9.4.1;
					};
					4514D21121BFADD20076290D = {
						CreatedOnToolsVersion = 9.4.1;
						TestTargetID = 4514D1F921BFADCF0076290D;
					};
					4514D21C21BFADD20076290D = {
						CreatedOnToolsVersion = 9.4.1;
						TestTargetID = 4514D1F921BFADCF0076290D;
					};
				};
			};
			buildConfigurationList = 4514D1F521BFADCF0076290D /* Build configuration list for PBXProject "Demo" */;
			compatibilityVersion = "Xcode 9.3";
			developmentRegion = en;
			hasScannedForEncodings = 0;
			knownRegions = (
				en,
				Base,
			);
			mainGroup = 4514D1F121BFADCF0076290D;
			productRefGroup = 4514D1FB21BFADCF0076290D /* Products */;
			projectDirPath = "";
			projectRoot = "";
			targets = (
				4514D1F921BFADCF0076290D /* Demo */,
				4514D21121BFADD20076290D /* DemoTests */,
				4514D21C21BFADD20076290D /* DemoUITests */,
			);
		};
/* End PBXProject section */

/* Begin PBXResourcesBuildPhase section */
		4514D1F821BFADCF0076290D /* Resources */ = {
			isa = PBXResourcesBuildPhase;
			buildActionMask = 2147483647;
			files = (
				4514D20A21BFADD20076290D /* LaunchScreen.storyboard in Resources */,
				4514D20721BFADD20076290D /* Assets.xcassets in Resources */,
				4514D20521BFADCF0076290D /* Main.storyboard in Resources */,
				6D050D0C225E175B00B4FAF1 /* testimage.jpg in Resources */,
			);
			runOnlyForDeploymentPostprocessing = 0;
		};
		4514D21021BFADD20076290D /* Resources */ = {
			isa = PBXResourcesBuildPhase;
			buildActionMask = 2147483647;
			files = (
			);
			runOnlyForDeploymentPostprocessing = 0;
		};
		4514D21B21BFADD20076290D /* Resources */ = {
			isa = PBXResourcesBuildPhase;
			buildActionMask = 2147483647;
			files = (
			);
			runOnlyForDeploymentPostprocessing = 0;
		};
/* End PBXResourcesBuildPhase section */

/* Begin PBXSourcesBuildPhase section */
		4514D1F621BFADCF0076290D /* Sources */ = {
			isa = PBXSourcesBuildPhase;
			buildActionMask = 2147483647;
			files = (
				45A204762264988700C068AE /* RouterBViewController.m in Sources */,
				4514D20221BFADCF0076290D /* ViewController.m in Sources */,
				45A204962269A80F00C068AE /* ButtonDemoViewController.m in Sources */,
				453A6F69225DB664006CC30A /* NativeFunctionForJs.m in Sources */,
				4514D20D21BFADD20076290D /* main.m in Sources */,
				45A204B02275862F00C068AE /* AudioFrequencySpectrumViewController.m in Sources */,
				45A204732264987200C068AE /* RouterAViewController.m in Sources */,
				45A20470226495A100C068AE /* RouterDemoViewController.m in Sources */,
				6D050D28225F399A00B4FAF1 /* UIImageViewDecoderViewController.m in Sources */,
				4514D1FF21BFADCF0076290D /* AppDelegate.m in Sources */,
				453A6F57225C8C0B006CC30A /* WebJsDemoViewController.m in Sources */,
			);
			runOnlyForDeploymentPostprocessing = 0;
		};
		4514D20E21BFADD20076290D /* Sources */ = {
			isa = PBXSourcesBuildPhase;
			buildActionMask = 2147483647;
			files = (
				4514D21721BFADD20076290D /* DemoTests.m in Sources */,
			);
			runOnlyForDeploymentPostprocessing = 0;
		};
		4514D21921BFADD20076290D /* Sources */ = {
			isa = PBXSourcesBuildPhase;
			buildActionMask = 2147483647;
			files = (
				4514D22221BFADD20076290D /* DemoUITests.m in Sources */,
			);
			runOnlyForDeploymentPostprocessing = 0;
		};
/* End PBXSourcesBuildPhase section */

/* Begin PBXTargetDependency section */
		4514D21421BFADD20076290D /* PBXTargetDependency */ = {
			isa = PBXTargetDependency;
			target = 4514D1F921BFADCF0076290D /* Demo */;
			targetProxy = 4514D21321BFADD20076290D /* PBXContainerItemProxy */;
		};
		4514D21F21BFADD20076290D /* PBXTargetDependency */ = {
			isa = PBXTargetDependency;
			target = 4514D1F921BFADCF0076290D /* Demo */;
			targetProxy = 4514D21E21BFADD20076290D /* PBXContainerItemProxy */;
		};
/* End PBXTargetDependency section */

/* Begin PBXVariantGroup section */
		4514D20321BFADCF0076290D /* Main.storyboard */ = {
			isa = PBXVariantGroup;
			children = (
				4514D20421BFADCF0076290D /* Base */,
			);
			name = Main.storyboard;
			sourceTree = "<group>";
		};
		4514D20821BFADD20076290D /* LaunchScreen.storyboard */ = {
			isa = PBXVariantGroup;
			children = (
				4514D20921BFADD20076290D /* Base */,
			);
			name = LaunchScreen.storyboard;
			sourceTree = "<group>";
		};
/* End PBXVariantGroup section */

/* Begin XCBuildConfiguration section */
		4514D22421BFADD20076290D /* Debug */ = {
			isa = XCBuildConfiguration;
			buildSettings = {
				ALWAYS_SEARCH_USER_PATHS = NO;
				CLANG_ANALYZER_NONNULL = YES;
				CLANG_ANALYZER_NUMBER_OBJECT_CONVERSION = YES_AGGRESSIVE;
				CLANG_CXX_LANGUAGE_STANDARD = "gnu++14";
				CLANG_CXX_LIBRARY = "libc++";
				CLANG_ENABLE_MODULES = YES;
				CLANG_ENABLE_OBJC_ARC = YES;
				CLANG_ENABLE_OBJC_WEAK = YES;
				CLANG_WARN_BLOCK_CAPTURE_AUTORELEASING = YES;
				CLANG_WARN_BOOL_CONVERSION = YES;
				CLANG_WARN_COMMA = YES;
				CLANG_WARN_CONSTANT_CONVERSION = YES;
				CLANG_WARN_DEPRECATED_OBJC_IMPLEMENTATIONS = YES;
				CLANG_WARN_DIRECT_OBJC_ISA_USAGE = YES_ERROR;
				CLANG_WARN_DOCUMENTATION_COMMENTS = YES;
				CLANG_WARN_EMPTY_BODY = YES;
				CLANG_WARN_ENUM_CONVERSION = YES;
				CLANG_WARN_INFINITE_RECURSION = YES;
				CLANG_WARN_INT_CONVERSION = YES;
				CLANG_WARN_NON_LITERAL_NULL_CONVERSION = YES;
				CLANG_WARN_OBJC_IMPLICIT_RETAIN_SELF = YES;
				CLANG_WARN_OBJC_LITERAL_CONVERSION = YES;
				CLANG_WARN_OBJC_ROOT_CLASS = YES_ERROR;
				CLANG_WARN_RANGE_LOOP_ANALYSIS = YES;
				CLANG_WARN_STRICT_PROTOTYPES = YES;
				CLANG_WARN_SUSPICIOUS_MOVE = YES;
				CLANG_WARN_UNGUARDED_AVAILABILITY = YES_AGGRESSIVE;
				CLANG_WARN_UNREACHABLE_CODE = YES;
				CLANG_WARN__DUPLICATE_METHOD_MATCH = YES;
				CODE_SIGN_IDENTITY = "iPhone Developer";
				COPY_PHASE_STRIP = NO;
				DEBUG_INFORMATION_FORMAT = dwarf;
				ENABLE_STRICT_OBJC_MSGSEND = YES;
				ENABLE_TESTABILITY = YES;
				GCC_C_LANGUAGE_STANDARD = gnu11;
				GCC_DYNAMIC_NO_PIC = NO;
				GCC_NO_COMMON_BLOCKS = YES;
				GCC_OPTIMIZATION_LEVEL = 0;
				GCC_PREPROCESSOR_DEFINITIONS = (
					"DEBUG=1",
					"$(inherited)",
				);
				GCC_WARN_64_TO_32_BIT_CONVERSION = YES;
				GCC_WARN_ABOUT_RETURN_TYPE = YES_ERROR;
				GCC_WARN_UNDECLARED_SELECTOR = YES;
				GCC_WARN_UNINITIALIZED_AUTOS = YES_AGGRESSIVE;
				GCC_WARN_UNUSED_FUNCTION = YES;
				GCC_WARN_UNUSED_VARIABLE = YES;
				IPHONEOS_DEPLOYMENT_TARGET = 11.4;
				MTL_ENABLE_DEBUG_INFO = YES;
				ONLY_ACTIVE_ARCH = YES;
				SDKROOT = iphoneos;
			};
			name = Debug;
		};
		4514D22521BFADD20076290D /* Release */ = {
			isa = XCBuildConfiguration;
			buildSettings = {
				ALWAYS_SEARCH_USER_PATHS = NO;
				CLANG_ANALYZER_NONNULL = YES;
				CLANG_ANALYZER_NUMBER_OBJECT_CONVERSION = YES_AGGRESSIVE;
				CLANG_CXX_LANGUAGE_STANDARD = "gnu++14";
				CLANG_CXX_LIBRARY = "libc++";
				CLANG_ENABLE_MODULES = YES;
				CLANG_ENABLE_OBJC_ARC = YES;
				CLANG_ENABLE_OBJC_WEAK = YES;
				CLANG_WARN_BLOCK_CAPTURE_AUTORELEASING = YES;
				CLANG_WARN_BOOL_CONVERSION = YES;
				CLANG_WARN_COMMA = YES;
				CLANG_WARN_CONSTANT_CONVERSION = YES;
				CLANG_WARN_DEPRECATED_OBJC_IMPLEMENTATIONS = YES;
				CLANG_WARN_DIRECT_OBJC_ISA_USAGE = YES_ERROR;
				CLANG_WARN_DOCUMENTATION_COMMENTS = YES;
				CLANG_WARN_EMPTY_BODY = YES;
				CLANG_WARN_ENUM_CONVERSION = YES;
				CLANG_WARN_INFINITE_RECURSION = YES;
				CLANG_WARN_INT_CONVERSION = YES;
				CLANG_WARN_NON_LITERAL_NULL_CONVERSION = YES;
				CLANG_WARN_OBJC_IMPLICIT_RETAIN_SELF = YES;
				CLANG_WARN_OBJC_LITERAL_CONVERSION = YES;
				CLANG_WARN_OBJC_ROOT_CLASS = YES_ERROR;
				CLANG_WARN_RANGE_LOOP_ANALYSIS = YES;
				CLANG_WARN_STRICT_PROTOTYPES = YES;
				CLANG_WARN_SUSPICIOUS_MOVE = YES;
				CLANG_WARN_UNGUARDED_AVAILABILITY = YES_AGGRESSIVE;
				CLANG_WARN_UNREACHABLE_CODE = YES;
				CLANG_WARN__DUPLICATE_METHOD_MATCH = YES;
				CODE_SIGN_IDENTITY = "iPhone Developer";
				COPY_PHASE_STRIP = NO;
				DEBUG_INFORMATION_FORMAT = "dwarf-with-dsym";
				ENABLE_NS_ASSERTIONS = NO;
				ENABLE_STRICT_OBJC_MSGSEND = YES;
				GCC_C_LANGUAGE_STANDARD = gnu11;
				GCC_NO_COMMON_BLOCKS = YES;
				GCC_WARN_64_TO_32_BIT_CONVERSION = YES;
				GCC_WARN_ABOUT_RETURN_TYPE = YES_ERROR;
				GCC_WARN_UNDECLARED_SELECTOR = YES;
				GCC_WARN_UNINITIALIZED_AUTOS = YES_AGGRESSIVE;
				GCC_WARN_UNUSED_FUNCTION = YES;
				GCC_WARN_UNUSED_VARIABLE = YES;
				IPHONEOS_DEPLOYMENT_TARGET = 11.4;
				MTL_ENABLE_DEBUG_INFO = NO;
				SDKROOT = iphoneos;
				VALIDATE_PRODUCT = YES;
			};
			name = Release;
		};
		4514D22721BFADD20076290D /* Debug */ = {
			isa = XCBuildConfiguration;
			buildSettings = {
				ASSETCATALOG_COMPILER_APPICON_NAME = AppIcon;
				CODE_SIGN_STYLE = Automatic;
				INFOPLIST_FILE = Demo/Info.plist;
				IPHONEOS_DEPLOYMENT_TARGET = 9.0;
				LD_RUNPATH_SEARCH_PATHS = (
					"$(inherited)",
					"@executable_path/Frameworks",
				);
				PRODUCT_BUNDLE_IDENTIFIER = com.yourcompany.Demo;
				PRODUCT_NAME = "$(TARGET_NAME)";
				TARGETED_DEVICE_FAMILY = "1,2";
			};
			name = Debug;
		};
		4514D22821BFADD20076290D /* Release */ = {
			isa = XCBuildConfiguration;
			buildSettings = {
				ASSETCATALOG_COMPILER_APPICON_NAME = AppIcon;
				CODE_SIGN_STYLE = Automatic;
				INFOPLIST_FILE = Demo/Info.plist;
				IPHONEOS_DEPLOYMENT_TARGET = 9.0;
				LD_RUNPATH_SEARCH_PATHS = (
					"$(inherited)",
					"@executable_path/Frameworks",
				);
				PRODUCT_BUNDLE_IDENTIFIER = com.yourcompany.Demo;
				PRODUCT_NAME = "$(TARGET_NAME)";
				TARGETED_DEVICE_FAMILY = "1,2";
			};
			name = Release;
		};
		4514D22A21BFADD20076290D /* Debug */ = {
			isa = XCBuildConfiguration;
			buildSettings = {
				BUNDLE_LOADER = "$(TEST_HOST)";
				CODE_SIGN_STYLE = Automatic;
				INFOPLIST_FILE = DemoTests/Info.plist;
				LD_RUNPATH_SEARCH_PATHS = (
					"$(inherited)",
					"@executable_path/Frameworks",
					"@loader_path/Frameworks",
				);
				PRODUCT_BUNDLE_IDENTIFIER = com.yourcompany.DemoTests;
				PRODUCT_NAME = "$(TARGET_NAME)";
				TARGETED_DEVICE_FAMILY = "1,2";
				TEST_HOST = "$(BUILT_PRODUCTS_DIR)/Demo.app/Demo";
			};
			name = Debug;
		};
		4514D22B21BFADD20076290D /* Release */ = {
			isa = XCBuildConfiguration;
			buildSettings = {
				BUNDLE_LOADER = "$(TEST_HOST)";
				CODE_SIGN_STYLE = Automatic;
				INFOPLIST_FILE = DemoTests/Info.plist;
				LD_RUNPATH_SEARCH_PATHS = (
					"$(inherited)",
					"@executable_path/Frameworks",
					"@loader_path/Frameworks",
				);
				PRODUCT_BUNDLE_IDENTIFIER = com.yourcompany.DemoTests;
				PRODUCT_NAME = "$(TARGET_NAME)";
				TARGETED_DEVICE_FAMILY = "1,2";
				TEST_HOST = "$(BUILT_PRODUCTS_DIR)/Demo.app/Demo";
			};
			name = Release;
		};
		4514D22D21BFADD20076290D /* Debug */ = {
			isa = XCBuildConfiguration;
			buildSettings = {
				CODE_SIGN_STYLE = Automatic;
				INFOPLIST_FILE = DemoUITests/Info.plist;
				LD_RUNPATH_SEARCH_PATHS = (
					"$(inherited)",
					"@executable_path/Frameworks",
					"@loader_path/Frameworks",
				);
				PRODUCT_BUNDLE_IDENTIFIER = com.yourcompany.DemoUITests;
				PRODUCT_NAME = "$(TARGET_NAME)";
				TARGETED_DEVICE_FAMILY = "1,2";
				TEST_TARGET_NAME = Demo;
			};
			name = Debug;
		};
		4514D22E21BFADD20076290D /* Release */ = {
			isa = XCBuildConfiguration;
			buildSettings = {
				CODE_SIGN_STYLE = Automatic;
				INFOPLIST_FILE = DemoUITests/Info.plist;
				LD_RUNPATH_SEARCH_PATHS = (
					"$(inherited)",
					"@executable_path/Frameworks",
					"@loader_path/Frameworks",
				);
				PRODUCT_BUNDLE_IDENTIFIER = com.yourcompany.DemoUITests;
				PRODUCT_NAME = "$(TARGET_NAME)";
				TARGETED_DEVICE_FAMILY = "1,2";
				TEST_TARGET_NAME = Demo;
			};
			name = Release;
		};
/* End XCBuildConfiguration section */

/* Begin XCConfigurationList section */
		4514D1F521BFADCF0076290D /* Build configuration list for PBXProject "Demo" */ = {
			isa = XCConfigurationList;
			buildConfigurations = (
				4514D22421BFADD20076290D /* Debug */,
				4514D22521BFADD20076290D /* Release */,
			);
			defaultConfigurationIsVisible = 0;
			defaultConfigurationName = Release;
		};
		4514D22621BFADD20076290D /* Build configuration list for PBXNativeTarget "Demo" */ = {
			isa = XCConfigurationList;
			buildConfigurations = (
				4514D22721BFADD20076290D /* Debug */,
				4514D22821BFADD20076290D /* Release */,
			);
			defaultConfigurationIsVisible = 0;
			defaultConfigurationName = Release;
		};
		4514D22921BFADD20076290D /* Build configuration list for PBXNativeTarget "DemoTests" */ = {
			isa = XCConfigurationList;
			buildConfigurations = (
				4514D22A21BFADD20076290D /* Debug */,
				4514D22B21BFADD20076290D /* Release */,
			);
			defaultConfigurationIsVisible = 0;
			defaultConfigurationName = Release;
		};
		4514D22C21BFADD20076290D /* Build configuration list for PBXNativeTarget "DemoUITests" */ = {
			isa = XCConfigurationList;
			buildConfigurations = (
				4514D22D21BFADD20076290D /* Debug */,
				4514D22E21BFADD20076290D /* Release */,
			);
			defaultConfigurationIsVisible = 0;
			defaultConfigurationName = Release;
		};
/* End XCConfigurationList section */
	};
	rootObject = 4514D1F221BFADCF0076290D /* Project object */;
}
